// !$*UTF8*$!
{
	archiveVersion = 1;
	classes = {
	};
	objectVersion = 56;
	objects = {

/* Begin PBXBuildFile section */
		5CDA173D29FFFFFA00BC0139 /* TarzoneAppApp.swift in Sources */ = {isa = PBXBuildFile; fileRef = 5CDA173C29FFFFFA00BC0139 /* TarzoneAppApp.swift */; };
		5CDA173F29FFFFFA00BC0139 /* ContentView.swift in Sources */ = {isa = PBXBuildFile; fileRef = 5CDA173E29FFFFFA00BC0139 /* ContentView.swift */; };
		5CDA174129FFFFFC00BC0139 /* Assets.xcassets in Resources */ = {isa = PBXBuildFile; fileRef = 5CDA174029FFFFFC00BC0139 /* Assets.xcassets */; };
		5CDA174429FFFFFC00BC0139 /* Preview Assets.xcassets in Resources */ = {isa = PBXBuildFile; fileRef = 5CDA174329FFFFFC00BC0139 /* Preview Assets.xcassets */; };
		5CDA174629FFFFFC00BC0139 /* Persistence.swift in Sources */ = {isa = PBXBuildFile; fileRef = 5CDA174529FFFFFC00BC0139 /* Persistence.swift */; };
		5CDA174929FFFFFC00BC0139 /* TarzoneApp.xcdatamodeld in Sources */ = {isa = PBXBuildFile; fileRef = 5CDA174729FFFFFC00BC0139 /* TarzoneApp.xcdatamodeld */; };
		5CDA175329FFFFFC00BC0139 /* TarzoneAppTests.swift in Sources */ = {isa = PBXBuildFile; fileRef = 5CDA175229FFFFFC00BC0139 /* TarzoneAppTests.swift */; };
		5CDA175D29FFFFFC00BC0139 /* TarzoneAppUITests.swift in Sources */ = {isa = PBXBuildFile; fileRef = 5CDA175C29FFFFFC00BC0139 /* TarzoneAppUITests.swift */; };
		5CDA175F29FFFFFC00BC0139 /* TarzoneAppUITestsLaunchTests.swift in Sources */ = {isa = PBXBuildFile; fileRef = 5CDA175E29FFFFFC00BC0139 /* TarzoneAppUITestsLaunchTests.swift */; };
/* End PBXBuildFile section */

/* Begin PBXContainerItemProxy section */
		5CDA174F29FFFFFC00BC0139 /* PBXContainerItemProxy */ = {
			isa = PBXContainerItemProxy;
			containerPortal = 5CDA173129FFFFFA00BC0139 /* Project object */;
			proxyType = 1;
			remoteGlobalIDString = 5CDA173829FFFFFA00BC0139;
			remoteInfo = TarzoneApp;
		};
		5CDA175929FFFFFC00BC0139 /* PBXContainerItemProxy */ = {
			isa = PBXContainerItemProxy;
			containerPortal = 5CDA173129FFFFFA00BC0139 /* Project object */;
			proxyType = 1;
			remoteGlobalIDString = 5CDA173829FFFFFA00BC0139;
			remoteInfo = TarzoneApp;
		};
/* End PBXContainerItemProxy section */

/* Begin PBXFileReference section */
		5CDA173929FFFFFA00BC0139 /* TarzoneApp.app */ = {isa = PBXFileReference; explicitFileType = wrapper.application; includeInIndex = 0; path = TarzoneApp.app; sourceTree = BUILT_PRODUCTS_DIR; };
		5CDA173C29FFFFFA00BC0139 /* TarzoneAppApp.swift */ = {isa = PBXFileReference; lastKnownFileType = sourcecode.swift; path = TarzoneAppApp.swift; sourceTree = "<group>"; };
		5CDA173E29FFFFFA00BC0139 /* ContentView.swift */ = {isa = PBXFileReference; lastKnownFileType = sourcecode.swift; path = ContentView.swift; sourceTree = "<group>"; };
		5CDA174029FFFFFC00BC0139 /* Assets.xcassets */ = {isa = PBXFileReference; lastKnownFileType = folder.assetcatalog; path = Assets.xcassets; sourceTree = "<group>"; };
		5CDA174329FFFFFC00BC0139 /* Preview Assets.xcassets */ = {isa = PBXFileReference; lastKnownFileType = folder.assetcatalog; path = "Preview Assets.xcassets"; sourceTree = "<group>"; };
		5CDA174529FFFFFC00BC0139 /* Persistence.swift */ = {isa = PBXFileReference; lastKnownFileType = sourcecode.swift; path = Persistence.swift; sourceTree = "<group>"; };
		5CDA174829FFFFFC00BC0139 /* TarzoneApp.xcdatamodel */ = {isa = PBXFileReference; lastKnownFileType = wrapper.xcdatamodel; path = TarzoneApp.xcdatamodel; sourceTree = "<group>"; };
		5CDA174E29FFFFFC00BC0139 /* TarzoneAppTests.xctest */ = {isa = PBXFileReference; explicitFileType = wrapper.cfbundle; includeInIndex = 0; path = TarzoneAppTests.xctest; sourceTree = BUILT_PRODUCTS_DIR; };
		5CDA175229FFFFFC00BC0139 /* TarzoneAppTests.swift */ = {isa = PBXFileReference; lastKnownFileType = sourcecode.swift; path = TarzoneAppTests.swift; sourceTree = "<group>"; };
		5CDA175829FFFFFC00BC0139 /* TarzoneAppUITests.xctest */ = {isa = PBXFileReference; explicitFileType = wrapper.cfbundle; includeInIndex = 0; path = TarzoneAppUITests.xctest; sourceTree = BUILT_PRODUCTS_DIR; };
		5CDA175C29FFFFFC00BC0139 /* TarzoneAppUITests.swift */ = {isa = PBXFileReference; lastKnownFileType = sourcecode.swift; path = TarzoneAppUITests.swift; sourceTree = "<group>"; };
		5CDA175E29FFFFFC00BC0139 /* TarzoneAppUITestsLaunchTests.swift */ = {isa = PBXFileReference; lastKnownFileType = sourcecode.swift; path = TarzoneAppUITestsLaunchTests.swift; sourceTree = "<group>"; };
/* End PBXFileReference section */

/* Begin PBXFrameworksBuildPhase section */
		5CDA173629FFFFFA00BC0139 /* Frameworks */ = {
			isa = PBXFrameworksBuildPhase;
			buildActionMask = 2147483647;
			files = (
			);
			runOnlyForDeploymentPostprocessing = 0;
		};
		5CDA174B29FFFFFC00BC0139 /* Frameworks */ = {
			isa = PBXFrameworksBuildPhase;
			buildActionMask = 2147483647;
			files = (
			);
			runOnlyForDeploymentPostprocessing = 0;
		};
		5CDA175529FFFFFC00BC0139 /* Frameworks */ = {
			isa = PBXFrameworksBuildPhase;
			buildActionMask = 2147483647;
			files = (
			);
			runOnlyForDeploymentPostprocessing = 0;
		};
/* End PBXFrameworksBuildPhase section */

/* Begin PBXGroup section */
		5CDA173029FFFFFA00BC0139 = {
			isa = PBXGroup;
			children = (
				5CDA173B29FFFFFA00BC0139 /* TarzoneApp */,
				5CDA175129FFFFFC00BC0139 /* TarzoneAppTests */,
				5CDA175B29FFFFFC00BC0139 /* TarzoneAppUITests */,
				5CDA173A29FFFFFA00BC0139 /* Products */,
			);
			sourceTree = "<group>";
		};
		5CDA173A29FFFFFA00BC0139 /* Products */ = {
			isa = PBXGroup;
			children = (
				5CDA173929FFFFFA00BC0139 /* TarzoneApp.app */,
				5CDA174E29FFFFFC00BC0139 /* TarzoneAppTests.xctest */,
				5CDA175829FFFFFC00BC0139 /* TarzoneAppUITests.xctest */,
			);
			name = Products;
			sourceTree = "<group>";
		};
		5CDA173B29FFFFFA00BC0139 /* TarzoneApp */ = {
			isa = PBXGroup;
			children = (
				5CDA173C29FFFFFA00BC0139 /* TarzoneAppApp.swift */,
				5CDA173E29FFFFFA00BC0139 /* ContentView.swift */,
				5CDA174029FFFFFC00BC0139 /* Assets.xcassets */,
				5CDA174529FFFFFC00BC0139 /* Persistence.swift */,
				5CDA174729FFFFFC00BC0139 /* TarzoneApp.xcdatamodeld */,
				5CDA174229FFFFFC00BC0139 /* Preview Content */,
			);
			path = TarzoneApp;
			sourceTree = "<group>";
		};
		5CDA174229FFFFFC00BC0139 /* Preview Content */ = {
			isa = PBXGroup;
			children = (
				5CDA174329FFFFFC00BC0139 /* Preview Assets.xcassets */,
			);
			path = "Preview Content";
			sourceTree = "<group>";
		};
		5CDA175129FFFFFC00BC0139 /* TarzoneAppTests */ = {
			isa = PBXGroup;
			children = (
				5CDA175229FFFFFC00BC0139 /* TarzoneAppTests.swift */,
			);
			path = TarzoneAppTests;
			sourceTree = "<group>";
		};
		5CDA175B29FFFFFC00BC0139 /* TarzoneAppUITests */ = {
			isa = PBXGroup;
			children = (
				5CDA175C29FFFFFC00BC0139 /* TarzoneAppUITests.swift */,
				5CDA175E29FFFFFC00BC0139 /* TarzoneAppUITestsLaunchTests.swift */,
			);
			path = TarzoneAppUITests;
			sourceTree = "<group>";
		};
/* End PBXGroup section */

/* Begin PBXNativeTarget section */
		5CDA173829FFFFFA00BC0139 /* TarzoneApp */ = {
			isa = PBXNativeTarget;
			buildConfigurationList = 5CDA176229FFFFFC00BC0139 /* Build configuration list for PBXNativeTarget "TarzoneApp" */;
			buildPhases = (
				5CDA173529FFFFFA00BC0139 /* Sources */,
				5CDA173629FFFFFA00BC0139 /* Frameworks */,
				5CDA173729FFFFFA00BC0139 /* Resources */,
			);
			buildRules = (
			);
			dependencies = (
			);
			name = TarzoneApp;
			productName = TarzoneApp;
			productReference = 5CDA173929FFFFFA00BC0139 /* TarzoneApp.app */;
			productType = "com.apple.product-type.application";
		};
		5CDA174D29FFFFFC00BC0139 /* TarzoneAppTests */ = {
			isa = PBXNativeTarget;
			buildConfigurationList = 5CDA176529FFFFFC00BC0139 /* Build configuration list for PBXNativeTarget "TarzoneAppTests" */;
			buildPhases = (
				5CDA174A29FFFFFC00BC0139 /* Sources */,
				5CDA174B29FFFFFC00BC0139 /* Frameworks */,
				5CDA174C29FFFFFC00BC0139 /* Resources */,
			);
			buildRules = (
			);
			dependencies = (
				5CDA175029FFFFFC00BC0139 /* PBXTargetDependency */,
			);
			name = TarzoneAppTests;
			productName = TarzoneAppTests;
			productReference = 5CDA174E29FFFFFC00BC0139 /* TarzoneAppTests.xctest */;
			productType = "com.apple.product-type.bundle.unit-test";
		};
		5CDA175729FFFFFC00BC0139 /* TarzoneAppUITests */ = {
			isa = PBXNativeTarget;
			buildConfigurationList = 5CDA176829FFFFFC00BC0139 /* Build configuration list for PBXNativeTarget "TarzoneAppUITests" */;
			buildPhases = (
				5CDA175429FFFFFC00BC0139 /* Sources */,
				5CDA175529FFFFFC00BC0139 /* Frameworks */,
				5CDA175629FFFFFC00BC0139 /* Resources */,
			);
			buildRules = (
			);
			dependencies = (
				5CDA175A29FFFFFC00BC0139 /* PBXTargetDependency */,
			);
			name = TarzoneAppUITests;
			productName = TarzoneAppUITests;
			productReference = 5CDA175829FFFFFC00BC0139 /* TarzoneAppUITests.xctest */;
			productType = "com.apple.product-type.bundle.ui-testing";
		};
/* End PBXNativeTarget section */

/* Begin PBXProject section */
		5CDA173129FFFFFA00BC0139 /* Project object */ = {
			isa = PBXProject;
			attributes = {
				BuildIndependentTargetsInParallel = 1;
				LastSwiftUpdateCheck = 1430;
				LastUpgradeCheck = 1430;
				TargetAttributes = {
					5CDA173829FFFFFA00BC0139 = {
						CreatedOnToolsVersion = 14.3;
					};
					5CDA174D29FFFFFC00BC0139 = {
						CreatedOnToolsVersion = 14.3;
						TestTargetID = 5CDA173829FFFFFA00BC0139;
					};
					5CDA175729FFFFFC00BC0139 = {
						CreatedOnToolsVersion = 14.3;
						TestTargetID = 5CDA173829FFFFFA00BC0139;
					};
				};
			};
			buildConfigurationList = 5CDA173429FFFFFA00BC0139 /* Build configuration list for PBXProject "TarzoneApp" */;
			compatibilityVersion = "Xcode 14.0";
			developmentRegion = en;
			hasScannedForEncodings = 0;
			knownRegions = (
				en,
				Base,
			);
			mainGroup = 5CDA173029FFFFFA00BC0139;
			productRefGroup = 5CDA173A29FFFFFA00BC0139 /* Products */;
			projectDirPath = "";
			projectRoot = "";
			targets = (
				5CDA173829FFFFFA00BC0139 /* TarzoneApp */,
				5CDA174D29FFFFFC00BC0139 /* TarzoneAppTests */,
				5CDA175729FFFFFC00BC0139 /* TarzoneAppUITests */,
			);
		};
/* End PBXProject section */

/* Begin PBXResourcesBuildPhase section */
		5CDA173729FFFFFA00BC0139 /* Resources */ = {
			isa = PBXResourcesBuildPhase;
			buildActionMask = 2147483647;
			files = (
				5CDA174429FFFFFC00BC0139 /* Preview Assets.xcassets in Resources */,
				5CDA174129FFFFFC00BC0139 /* Assets.xcassets in Resources */,
			);
			runOnlyForDeploymentPostprocessing = 0;
		};
		5CDA174C29FFFFFC00BC0139 /* Resources */ = {
			isa = PBXResourcesBuildPhase;
			buildActionMask = 2147483647;
			files = (
			);
			runOnlyForDeploymentPostprocessing = 0;
		};
		5CDA175629FFFFFC00BC0139 /* Resources */ = {
			isa = PBXResourcesBuildPhase;
			buildActionMask = 2147483647;
			files = (
			);
			runOnlyForDeploymentPostprocessing = 0;
		};
/* End PBXResourcesBuildPhase section */

/* Begin PBXSourcesBuildPhase section */
		5CDA173529FFFFFA00BC0139 /* Sources */ = {
			isa = PBXSourcesBuildPhase;
			buildActionMask = 2147483647;
			files = (
				5CDA174629FFFFFC00BC0139 /* Persistence.swift in Sources */,
				5CDA173F29FFFFFA00BC0139 /* ContentView.swift in Sources */,
				5CDA173D29FFFFFA00BC0139 /* TarzoneAppApp.swift in Sources */,
				5CDA174929FFFFFC00BC0139 /* TarzoneApp.xcdatamodeld in Sources */,
			);
			runOnlyForDeploymentPostprocessing = 0;
		};
		5CDA174A29FFFFFC00BC0139 /* Sources */ = {
			isa = PBXSourcesBuildPhase;
			buildActionMask = 2147483647;
			files = (
				5CDA175329FFFFFC00BC0139 /* TarzoneAppTests.swift in Sources */,
			);
			runOnlyForDeploymentPostprocessing = 0;
		};
		5CDA175429FFFFFC00BC0139 /* Sources */ = {
			isa = PBXSourcesBuildPhase;
			buildActionMask = 2147483647;
			files = (
				5CDA175F29FFFFFC00BC0139 /* TarzoneAppUITestsLaunchTests.swift in Sources */,
				5CDA175D29FFFFFC00BC0139 /* TarzoneAppUITests.swift in Sources */,
			);
			runOnlyForDeploymentPostprocessing = 0;
		};
/* End PBXSourcesBuildPhase section */

/* Begin PBXTargetDependency section */
		5CDA175029FFFFFC00BC0139 /* PBXTargetDependency */ = {
			isa = PBXTargetDependency;
			target = 5CDA173829FFFFFA00BC0139 /* TarzoneApp */;
			targetProxy = 5CDA174F29FFFFFC00BC0139 /* PBXContainerItemProxy */;
		};
		5CDA175A29FFFFFC00BC0139 /* PBXTargetDependency */ = {
			isa = PBXTargetDependency;
			target = 5CDA173829FFFFFA00BC0139 /* TarzoneApp */;
			targetProxy = 5CDA175929FFFFFC00BC0139 /* PBXContainerItemProxy */;
		};
/* End PBXTargetDependency section */

/* Begin XCBuildConfiguration section */
		5CDA176029FFFFFC00BC0139 /* Debug */ = {
			isa = XCBuildConfiguration;
			buildSettings = {
				ALWAYS_SEARCH_USER_PATHS = NO;
				CLANG_ANALYZER_NONNULL = YES;
				CLANG_ANALYZER_NUMBER_OBJECT_CONVERSION = YES_AGGRESSIVE;
				CLANG_CXX_LANGUAGE_STANDARD = "gnu++20";
				CLANG_ENABLE_MODULES = YES;
				CLANG_ENABLE_OBJC_ARC = YES;
				CLANG_ENABLE_OBJC_WEAK = YES;
				CLANG_WARN_BLOCK_CAPTURE_AUTORELEASING = YES;
				CLANG_WARN_BOOL_CONVERSION = YES;
				CLANG_WARN_COMMA = YES;
				CLANG_WARN_CONSTANT_CONVERSION = YES;
				CLANG_WARN_DEPRECATED_OBJC_IMPLEMENTATIONS = YES;
				CLANG_WARN_DIRECT_OBJC_ISA_USAGE = YES_ERROR;
				CLANG_WARN_DOCUMENTATION_COMMENTS = YES;
				CLANG_WARN_EMPTY_BODY = YES;
				CLANG_WARN_ENUM_CONVERSION = YES;
				CLANG_WARN_INFINITE_RECURSION = YES;
				CLANG_WARN_INT_CONVERSION = YES;
				CLANG_WARN_NON_LITERAL_NULL_CONVERSION = YES;
				CLANG_WARN_OBJC_IMPLICIT_RETAIN_SELF = YES;
				CLANG_WARN_OBJC_LITERAL_CONVERSION = YES;
				CLANG_WARN_OBJC_ROOT_CLASS = YES_ERROR;
				CLANG_WARN_QUOTED_INCLUDE_IN_FRAMEWORK_HEADER = YES;
				CLANG_WARN_RANGE_LOOP_ANALYSIS = YES;
				CLANG_WARN_STRICT_PROTOTYPES = YES;
				CLANG_WARN_SUSPICIOUS_MOVE = YES;
				CLANG_WARN_UNGUARDED_AVAILABILITY = YES_AGGRESSIVE;
				CLANG_WARN_UNREACHABLE_CODE = YES;
				CLANG_WARN__DUPLICATE_METHOD_MATCH = YES;
				COPY_PHASE_STRIP = NO;
				DEBUG_INFORMATION_FORMAT = dwarf;
				ENABLE_STRICT_OBJC_MSGSEND = YES;
				ENABLE_TESTABILITY = YES;
				GCC_C_LANGUAGE_STANDARD = gnu11;
				GCC_DYNAMIC_NO_PIC = NO;
				GCC_NO_COMMON_BLOCKS = YES;
				GCC_OPTIMIZATION_LEVEL = 0;
				GCC_PREPROCESSOR_DEFINITIONS = (
					"DEBUG=1",
					"$(inherited)",
				);
				GCC_WARN_64_TO_32_BIT_CONVERSION = YES;
				GCC_WARN_ABOUT_RETURN_TYPE = YES_ERROR;
				GCC_WARN_UNDECLARED_SELECTOR = YES;
				GCC_WARN_UNINITIALIZED_AUTOS = YES_AGGRESSIVE;
				GCC_WARN_UNUSED_FUNCTION = YES;
				GCC_WARN_UNUSED_VARIABLE = YES;
				IPHONEOS_DEPLOYMENT_TARGET = 16.4;
				MTL_ENABLE_DEBUG_INFO = INCLUDE_SOURCE;
				MTL_FAST_MATH = YES;
				ONLY_ACTIVE_ARCH = YES;
				SDKROOT = iphoneos;
				SWIFT_ACTIVE_COMPILATION_CONDITIONS = DEBUG;
				SWIFT_OPTIMIZATION_LEVEL = "-Onone";
			};
			name = Debug;
		};
		5CDA176129FFFFFC00BC0139 /* Release */ = {
			isa = XCBuildConfiguration;
			buildSettings = {
				ALWAYS_SEARCH_USER_PATHS = NO;
				CLANG_ANALYZER_NONNULL = YES;
				CLANG_ANALYZER_NUMBER_OBJECT_CONVERSION = YES_AGGRESSIVE;
				CLANG_CXX_LANGUAGE_STANDARD = "gnu++20";
				CLANG_ENABLE_MODULES = YES;
				CLANG_ENABLE_OBJC_ARC = YES;
				CLANG_ENABLE_OBJC_WEAK = YES;
				CLANG_WARN_BLOCK_CAPTURE_AUTORELEASING = YES;
				CLANG_WARN_BOOL_CONVERSION = YES;
				CLANG_WARN_COMMA = YES;
				CLANG_WARN_CONSTANT_CONVERSION = YES;
				CLANG_WARN_DEPRECATED_OBJC_IMPLEMENTATIONS = YES;
				CLANG_WARN_DIRECT_OBJC_ISA_USAGE = YES_ERROR;
				CLANG_WARN_DOCUMENTATION_COMMENTS = YES;
				CLANG_WARN_EMPTY_BODY = YES;
				CLANG_WARN_ENUM_CONVERSION = YES;
				CLANG_WARN_INFINITE_RECURSION = YES;
				CLANG_WARN_INT_CONVERSION = YES;
				CLANG_WARN_NON_LITERAL_NULL_CONVERSION = YES;
				CLANG_WARN_OBJC_IMPLICIT_RETAIN_SELF = YES;
				CLANG_WARN_OBJC_LITERAL_CONVERSION = YES;
				CLANG_WARN_OBJC_ROOT_CLASS = YES_ERROR;
				CLANG_WARN_QUOTED_INCLUDE_IN_FRAMEWORK_HEADER = YES;
				CLANG_WARN_RANGE_LOOP_ANALYSIS = YES;
				CLANG_WARN_STRICT_PROTOTYPES = YES;
				CLANG_WARN_SUSPICIOUS_MOVE = YES;
				CLANG_WARN_UNGUARDED_AVAILABILITY = YES_AGGRESSIVE;
				CLANG_WARN_UNREACHABLE_CODE = YES;
				CLANG_WARN__DUPLICATE_METHOD_MATCH = YES;
				COPY_PHASE_STRIP = NO;
				DEBUG_INFORMATION_FORMAT = "dwarf-with-dsym";
				ENABLE_NS_ASSERTIONS = NO;
				ENABLE_STRICT_OBJC_MSGSEND = YES;
				GCC_C_LANGUAGE_STANDARD = gnu11;
				GCC_NO_COMMON_BLOCKS = YES;
				GCC_WARN_64_TO_32_BIT_CONVERSION = YES;
				GCC_WARN_ABOUT_RETURN_TYPE = YES_ERROR;
				GCC_WARN_UNDECLARED_SELECTOR = YES;
				GCC_WARN_UNINITIALIZED_AUTOS = YES_AGGRESSIVE;
				GCC_WARN_UNUSED_FUNCTION = YES;
				GCC_WARN_UNUSED_VARIABLE = YES;
				IPHONEOS_DEPLOYMENT_TARGET = 16.4;
				MTL_ENABLE_DEBUG_INFO = NO;
				MTL_FAST_MATH = YES;
				SDKROOT = iphoneos;
				SWIFT_COMPILATION_MODE = wholemodule;
				SWIFT_OPTIMIZATION_LEVEL = "-O";
				VALIDATE_PRODUCT = YES;
			};
			name = Release;
		};
		5CDA176329FFFFFC00BC0139 /* Debug */ = {
			isa = XCBuildConfiguration;
			buildSettings = {
				ASSETCATALOG_COMPILER_APPICON_NAME = AppIcon;
				ASSETCATALOG_COMPILER_GLOBAL_ACCENT_COLOR_NAME = AccentColor;
				CODE_SIGN_STYLE = Automatic;
				CURRENT_PROJECT_VERSION = 1;
				DEVELOPMENT_ASSET_PATHS = "\"TarzoneApp/Preview Content\"";
				DEVELOPMENT_TEAM = 9RVC283PBZ;
				ENABLE_PREVIEWS = YES;
				GENERATE_INFOPLIST_FILE = YES;
				INFOPLIST_KEY_UIApplicationSceneManifest_Generation = YES;
				INFOPLIST_KEY_UIApplicationSupportsIndirectInputEvents = YES;
				INFOPLIST_KEY_UILaunchScreen_Generation = YES;
				INFOPLIST_KEY_UISupportedInterfaceOrientations_iPad = "UIInterfaceOrientationPortrait UIInterfaceOrientationPortraitUpsideDown UIInterfaceOrientationLandscapeLeft UIInterfaceOrientationLandscapeRight";
				INFOPLIST_KEY_UISupportedInterfaceOrientations_iPhone = "UIInterfaceOrientationPortrait UIInterfaceOrientationLandscapeLeft UIInterfaceOrientationLandscapeRight";
				LD_RUNPATH_SEARCH_PATHS = (
					"$(inherited)",
					"@executable_path/Frameworks",
				);
				MARKETING_VERSION = 1.0;
				PRODUCT_BUNDLE_IDENTIFIER = RaSoft.TarzoneApp;
				PRODUCT_NAME = "$(TARGET_NAME)";
				SWIFT_EMIT_LOC_STRINGS = YES;
				SWIFT_VERSION = 5.0;
				TARGETED_DEVICE_FAMILY = "1,2";
			};
			name = Debug;
		};
		5CDA176429FFFFFC00BC0139 /* Release */ = {
			isa = XCBuildConfiguration;
			buildSettings = {
				ASSETCATALOG_COMPILER_APPICON_NAME = AppIcon;
				ASSETCATALOG_COMPILER_GLOBAL_ACCENT_COLOR_NAME = AccentColor;
				CODE_SIGN_STYLE = Automatic;
				CURRENT_PROJECT_VERSION = 1;
				DEVELOPMENT_ASSET_PATHS = "\"TarzoneApp/Preview Content\"";
				DEVELOPMENT_TEAM = 9RVC283PBZ;
				ENABLE_PREVIEWS = YES;
				GENERATE_INFOPLIST_FILE = YES;
				INFOPLIST_KEY_UIApplicationSceneManifest_Generation = YES;
				INFOPLIST_KEY_UIApplicationSupportsIndirectInputEvents = YES;
				INFOPLIST_KEY_UILaunchScreen_Generation = YES;
				INFOPLIST_KEY_UISupportedInterfaceOrientations_iPad = "UIInterfaceOrientationPortrait UIInterfaceOrientationPortraitUpsideDown UIInterfaceOrientationLandscapeLeft UIInterfaceOrientationLandscapeRight";
				INFOPLIST_KEY_UISupportedInterfaceOrientations_iPhone = "UIInterfaceOrientationPortrait UIInterfaceOrientationLandscapeLeft UIInterfaceOrientationLandscapeRight";
				LD_RUNPATH_SEARCH_PATHS = (
					"$(inherited)",
					"@executable_path/Frameworks",
				);
				MARKETING_VERSION = 1.0;
				PRODUCT_BUNDLE_IDENTIFIER = RaSoft.TarzoneApp;
				PRODUCT_NAME = "$(TARGET_NAME)";
				SWIFT_EMIT_LOC_STRINGS = YES;
				SWIFT_VERSION = 5.0;
				TARGETED_DEVICE_FAMILY = "1,2";
			};
			name = Release;
		};
		5CDA176629FFFFFC00BC0139 /* Debug */ = {
			isa = XCBuildConfiguration;
			buildSettings = {
				ALWAYS_EMBED_SWIFT_STANDARD_LIBRARIES = YES;
				BUNDLE_LOADER = "$(TEST_HOST)";
				CODE_SIGN_STYLE = Automatic;
				CURRENT_PROJECT_VERSION = 1;
				DEVELOPMENT_TEAM = 9RVC283PBZ;
				GENERATE_INFOPLIST_FILE = YES;
				IPHONEOS_DEPLOYMENT_TARGET = 16.4;
				MARKETING_VERSION = 1.0;
				PRODUCT_BUNDLE_IDENTIFIER = RaSoft.TarzoneAppTests;
				PRODUCT_NAME = "$(TARGET_NAME)";
				SWIFT_EMIT_LOC_STRINGS = NO;
				SWIFT_VERSION = 5.0;
				TARGETED_DEVICE_FAMILY = "1,2";
				TEST_HOST = "$(BUILT_PRODUCTS_DIR)/TarzoneApp.app/$(BUNDLE_EXECUTABLE_FOLDER_PATH)/TarzoneApp";
			};
			name = Debug;
		};
		5CDA176729FFFFFC00BC0139 /* Release */ = {
			isa = XCBuildConfiguration;
			buildSettings = {
				ALWAYS_EMBED_SWIFT_STANDARD_LIBRARIES = YES;
				BUNDLE_LOADER = "$(TEST_HOST)";
				CODE_SIGN_STYLE = Automatic;
				CURRENT_PROJECT_VERSION = 1;
				DEVELOPMENT_TEAM = 9RVC283PBZ;
				GENERATE_INFOPLIST_FILE = YES;
				IPHONEOS_DEPLOYMENT_TARGET = 16.4;
				MARKETING_VERSION = 1.0;
				PRODUCT_BUNDLE_IDENTIFIER = RaSoft.TarzoneAppTests;
				PRODUCT_NAME = "$(TARGET_NAME)";
				SWIFT_EMIT_LOC_STRINGS = NO;
				SWIFT_VERSION = 5.0;
				TARGETED_DEVICE_FAMILY = "1,2";
				TEST_HOST = "$(BUILT_PRODUCTS_DIR)/TarzoneApp.app/$(BUNDLE_EXECUTABLE_FOLDER_PATH)/TarzoneApp";
			};
			name = Release;
		};
		5CDA176929FFFFFC00BC0139 /* Debug */ = {
			isa = XCBuildConfiguration;
			buildSettings = {
				ALWAYS_EMBED_SWIFT_STANDARD_LIBRARIES = YES;
				CODE_SIGN_STYLE = Automatic;
				CURRENT_PROJECT_VERSION = 1;
				DEVELOPMENT_TEAM = 9RVC283PBZ;
				GENERATE_INFOPLIST_FILE = YES;
				MARKETING_VERSION = 1.0;
				PRODUCT_BUNDLE_IDENTIFIER = RaSoft.TarzoneAppUITests;
				PRODUCT_NAME = "$(TARGET_NAME)";
				SWIFT_EMIT_LOC_STRINGS = NO;
				SWIFT_VERSION = 5.0;
				TARGETED_DEVICE_FAMILY = "1,2";
				TEST_TARGET_NAME = TarzoneApp;
			};
			name = Debug;
		};
		5CDA176A29FFFFFC00BC0139 /* Release */ = {
			isa = XCBuildConfiguration;
			buildSettings = {
				ALWAYS_EMBED_SWIFT_STANDARD_LIBRARIES = YES;
				CODE_SIGN_STYLE = Automatic;
				CURRENT_PROJECT_VERSION = 1;
				DEVELOPMENT_TEAM = 9RVC283PBZ;
				GENERATE_INFOPLIST_FILE = YES;
				MARKETING_VERSION = 1.0;
				PRODUCT_BUNDLE_IDENTIFIER = RaSoft.TarzoneAppUITests;
				PRODUCT_NAME = "$(TARGET_NAME)";
				SWIFT_EMIT_LOC_STRINGS = NO;
				SWIFT_VERSION = 5.0;
				TARGETED_DEVICE_FAMILY = "1,2";
				TEST_TARGET_NAME = TarzoneApp;
			};
			name = Release;
		};
/* End XCBuildConfiguration section */

/* Begin XCConfigurationList section */
		5CDA173429FFFFFA00BC0139 /* Build configuration list for PBXProject "TarzoneApp" */ = {
			isa = XCConfigurationList;
			buildConfigurations = (
				5CDA176029FFFFFC00BC0139 /* Debug */,
				5CDA176129FFFFFC00BC0139 /* Release */,
			);
			defaultConfigurationIsVisible = 0;
			defaultConfigurationName = Release;
		};
		5CDA176229FFFFFC00BC0139 /* Build configuration list for PBXNativeTarget "TarzoneApp" */ = {
			isa = XCConfigurationList;
			buildConfigurations = (
				5CDA176329FFFFFC00BC0139 /* Debug */,
				5CDA176429FFFFFC00BC0139 /* Release */,
			);
			defaultConfigurationIsVisible = 0;
			defaultConfigurationName = Release;
		};
		5CDA176529FFFFFC00BC0139 /* Build configuration list for PBXNativeTarget "TarzoneAppTests" */ = {
			isa = XCConfigurationList;
			buildConfigurations = (
				5CDA176629FFFFFC00BC0139 /* Debug */,
				5CDA176729FFFFFC00BC0139 /* Release */,
			);
			defaultConfigurationIsVisible = 0;
			defaultConfigurationName = Release;
		};
		5CDA176829FFFFFC00BC0139 /* Build configuration list for PBXNativeTarget "TarzoneAppUITests" */ = {
			isa = XCConfigurationList;
			buildConfigurations = (
				5CDA176929FFFFFC00BC0139 /* Debug */,
				5CDA176A29FFFFFC00BC0139 /* Release */,
			);
			defaultConfigurationIsVisible = 0;
			defaultConfigurationName = Release;
		};
/* End XCConfigurationList section */

/* Begin XCVersionGroup section */
		5CDA174729FFFFFC00BC0139 /* TarzoneApp.xcdatamodeld */ = {
			isa = XCVersionGroup;
			children = (
				5CDA174829FFFFFC00BC0139 /* TarzoneApp.xcdatamodel */,
			);
			currentVersion = 5CDA174829FFFFFC00BC0139 /* TarzoneApp.xcdatamodel */;
			path = TarzoneApp.xcdatamodeld;
			sourceTree = "<group>";
			versionGroupType = wrapper.xcdatamodel;
		};
/* End XCVersionGroup section */
	};
	rootObject = 5CDA173129FFFFFA00BC0139 /* Project object */;
}
