// !$*UTF8*$!
{
	archiveVersion = 1;
	classes = {
	};
	objectVersion = 56;
	objects = {

/* Begin PBXBuildFile section */
		5C00A5562A281C8200452137 /* CreateOutfitViewModel.swift in Sources */ = {isa = PBXBuildFile; fileRef = 5C00A5552A281C8100452137 /* CreateOutfitViewModel.swift */; };
		5C09D8E82A1D80A700F29566 /* Vision.framework in Frameworks */ = {isa = PBXBuildFile; fileRef = 5C09D8E72A1D80A700F29566 /* Vision.framework */; };
		5C09D8F12A1D8B7900F29566 /* Image.swift in Sources */ = {isa = PBXBuildFile; fileRef = 5C09D8F02A1D8B7900F29566 /* Image.swift */; };
		5C0F374F2A269E340055D4A0 /* label.txt in Resources */ = {isa = PBXBuildFile; fileRef = 5C0F374E2A269E340055D4A0 /* label.txt */; };
		5C16C5D12A1E4CF2001A2C17 /* VisionKit.framework in Frameworks */ = {isa = PBXBuildFile; fileRef = 5C16C5D02A1E4CF2001A2C17 /* VisionKit.framework */; };
		5C16C5D52A1ECEEC001A2C17 /* ImageTipsView.swift in Sources */ = {isa = PBXBuildFile; fileRef = 5C16C5D42A1ECEEC001A2C17 /* ImageTipsView.swift */; };
		5C1C8D592A1BB3FB00CAFC5C /* EditProfileView.swift in Sources */ = {isa = PBXBuildFile; fileRef = 5C1C8D582A1BB3FB00CAFC5C /* EditProfileView.swift */; };
		5C1C8D5B2A1BBBCD00CAFC5C /* EditProfileViewModel.swift in Sources */ = {isa = PBXBuildFile; fileRef = 5C1C8D5A2A1BBBCD00CAFC5C /* EditProfileViewModel.swift */; };
		5C1C8D5D2A1BC5F400CAFC5C /* ImageUploader.swift in Sources */ = {isa = PBXBuildFile; fileRef = 5C1C8D5C2A1BC5F400CAFC5C /* ImageUploader.swift */; };
		5C1C8D602A1C1FF400CAFC5C /* Kingfisher in Frameworks */ = {isa = PBXBuildFile; productRef = 5C1C8D5F2A1C1FF400CAFC5C /* Kingfisher */; };
		5C1C8D622A1C201A00CAFC5C /* CircularProfileImageView.swift in Sources */ = {isa = PBXBuildFile; fileRef = 5C1C8D612A1C201A00CAFC5C /* CircularProfileImageView.swift */; };
		5C2141AE2A18146F0083E976 /* CurrentUser.swift in Sources */ = {isa = PBXBuildFile; fileRef = 5C2141AD2A18146F0083E976 /* CurrentUser.swift */; };
		5C2141B02A18380A0083E976 /* LoginViewModel.swift in Sources */ = {isa = PBXBuildFile; fileRef = 5C2141AF2A18380A0083E976 /* LoginViewModel.swift */; };
		5C2141B22A184FBC0083E976 /* UserService.swift in Sources */ = {isa = PBXBuildFile; fileRef = 5C2141B12A184FBC0083E976 /* UserService.swift */; };
		5C2830822A1589BB00C81C36 /* Outfitss.swift in Sources */ = {isa = PBXBuildFile; fileRef = 5C2830812A1589BB00C81C36 /* Outfitss.swift */; };
		5C2F21842A1D943800F15A8A /* Alamofire in Frameworks */ = {isa = PBXBuildFile; productRef = 5C2F21832A1D943800F15A8A /* Alamofire */; };
		5C66CB0A2A17ED6300FBAAD9 /* FirebaseAuth in Frameworks */ = {isa = PBXBuildFile; productRef = 5C66CB092A17ED6300FBAAD9 /* FirebaseAuth */; };
		5C66CB0C2A17ED6300FBAAD9 /* FirebaseFirestore in Frameworks */ = {isa = PBXBuildFile; productRef = 5C66CB0B2A17ED6300FBAAD9 /* FirebaseFirestore */; };
		5C66CB0E2A17ED6300FBAAD9 /* FirebaseFirestoreSwift in Frameworks */ = {isa = PBXBuildFile; productRef = 5C66CB0D2A17ED6300FBAAD9 /* FirebaseFirestoreSwift */; };
		5C66CB102A17ED6300FBAAD9 /* FirebaseStorage in Frameworks */ = {isa = PBXBuildFile; productRef = 5C66CB0F2A17ED6300FBAAD9 /* FirebaseStorage */; };
		5C66CB122A17EFFC00FBAAD9 /* AuthService.swift in Sources */ = {isa = PBXBuildFile; fileRef = 5C66CB112A17EFFC00FBAAD9 /* AuthService.swift */; };
		5C66CB172A17F25500FBAAD9 /* ContentViewModel.swift in Sources */ = {isa = PBXBuildFile; fileRef = 5C66CB162A17F25500FBAAD9 /* ContentViewModel.swift */; };
		5C66CB1C2A1807E300FBAAD9 /* RegisterViewModel.swift in Sources */ = {isa = PBXBuildFile; fileRef = 5C66CB1B2A1807E300FBAAD9 /* RegisterViewModel.swift */; };
		5C7888B62A0D421B00679C66 /* FollowView.swift in Sources */ = {isa = PBXBuildFile; fileRef = 5C7888B52A0D421B00679C66 /* FollowView.swift */; };
		5C7888B82A0D580C00679C66 /* TabItem.swift in Sources */ = {isa = PBXBuildFile; fileRef = 5C7888B72A0D580B00679C66 /* TabItem.swift */; };
		5C7888BA2A0D59FC00679C66 /* TabContainerViewModel.swift in Sources */ = {isa = PBXBuildFile; fileRef = 5C7888B92A0D59FC00679C66 /* TabContainerViewModel.swift */; };
		5C7888BC2A0DC02000679C66 /* SearchBar.swift in Sources */ = {isa = PBXBuildFile; fileRef = 5C7888BB2A0DC02000679C66 /* SearchBar.swift */; };
		5C7888BE2A0DC10900679C66 /* PostGridView.swift in Sources */ = {isa = PBXBuildFile; fileRef = 5C7888BD2A0DC10900679C66 /* PostGridView.swift */; };
		5CA765062A16E8EF004473F4 /* LoginRegisterView.swift in Sources */ = {isa = PBXBuildFile; fileRef = 5CA765052A16E8EF004473F4 /* LoginRegisterView.swift */; };
		5CA765082A16FCA5004473F4 /* CustomInputField.swift in Sources */ = {isa = PBXBuildFile; fileRef = 5CA765072A16FCA5004473F4 /* CustomInputField.swift */; };
		5CB959192A13917700D2E1CA /* TimeLineView.swift in Sources */ = {isa = PBXBuildFile; fileRef = 5CB959182A13917700D2E1CA /* TimeLineView.swift */; };
		5CB959322A13D02C00D2E1CA /* Inspiration.swift in Sources */ = {isa = PBXBuildFile; fileRef = 5CB959312A13D02C00D2E1CA /* Inspiration.swift */; };
		5CC2AA082A250EB400523F11 /* GoogleService-Info.plist in Resources */ = {isa = PBXBuildFile; fileRef = 5CC2AA072A250EB400523F11 /* GoogleService-Info.plist */; };
		5CC2AA102A253D8300523F11 /* SaveClothViewModel.swift in Sources */ = {isa = PBXBuildFile; fileRef = 5CC2AA0F2A253D8300523F11 /* SaveClothViewModel.swift */; };
		5CC2AA162A25754E00523F11 /* ClothPredictionModel.mlmodel in Sources */ = {isa = PBXBuildFile; fileRef = 5CC2AA152A25754E00523F11 /* ClothPredictionModel.mlmodel */; };
		5CDA173D29FFFFFA00BC0139 /* TarzoneApp.swift in Sources */ = {isa = PBXBuildFile; fileRef = 5CDA173C29FFFFFA00BC0139 /* TarzoneApp.swift */; };
		5CDA173F29FFFFFA00BC0139 /* ContentView.swift in Sources */ = {isa = PBXBuildFile; fileRef = 5CDA173E29FFFFFA00BC0139 /* ContentView.swift */; };
		5CDA174429FFFFFC00BC0139 /* Preview Assets.xcassets in Resources */ = {isa = PBXBuildFile; fileRef = 5CDA174329FFFFFC00BC0139 /* Preview Assets.xcassets */; };
		5CDA174629FFFFFC00BC0139 /* Persistence.swift in Sources */ = {isa = PBXBuildFile; fileRef = 5CDA174529FFFFFC00BC0139 /* Persistence.swift */; };
		5CDA174929FFFFFC00BC0139 /* TarzoneApp.xcdatamodeld in Sources */ = {isa = PBXBuildFile; fileRef = 5CDA174729FFFFFC00BC0139 /* TarzoneApp.xcdatamodeld */; };
		5CDA175329FFFFFC00BC0139 /* TarzoneAppTests.swift in Sources */ = {isa = PBXBuildFile; fileRef = 5CDA175229FFFFFC00BC0139 /* TarzoneAppTests.swift */; };
		5CDA175D29FFFFFC00BC0139 /* TarzoneAppUITests.swift in Sources */ = {isa = PBXBuildFile; fileRef = 5CDA175C29FFFFFC00BC0139 /* TarzoneAppUITests.swift */; };
		5CDA175F29FFFFFC00BC0139 /* TarzoneAppUITestsLaunchTests.swift in Sources */ = {isa = PBXBuildFile; fileRef = 5CDA175E29FFFFFC00BC0139 /* TarzoneAppUITestsLaunchTests.swift */; };
		5CDA17912A00019700BC0139 /* OutfitPost.swift in Sources */ = {isa = PBXBuildFile; fileRef = 5CDA17792A00019700BC0139 /* OutfitPost.swift */; };
		5CDA17952A00019700BC0139 /* UserProfileView.swift in Sources */ = {isa = PBXBuildFile; fileRef = 5CDA177F2A00019700BC0139 /* UserProfileView.swift */; };
		5CDA17982A00019700BC0139 /* OutfitView.swift in Sources */ = {isa = PBXBuildFile; fileRef = 5CDA17822A00019700BC0139 /* OutfitView.swift */; };
		5CDA17992A00019700BC0139 /* TabContainerView.swift in Sources */ = {isa = PBXBuildFile; fileRef = 5CDA17842A00019700BC0139 /* TabContainerView.swift */; };
		5CDA179A2A00019700BC0139 /* SavedOutfitsView.swift in Sources */ = {isa = PBXBuildFile; fileRef = 5CDA17852A00019700BC0139 /* SavedOutfitsView.swift */; };
		5CDA179B2A00019700BC0139 /* FollowerListView.swift in Sources */ = {isa = PBXBuildFile; fileRef = 5CDA17862A00019700BC0139 /* FollowerListView.swift */; };
		5CDA179C2A00019700BC0139 /* SaveClothView.swift in Sources */ = {isa = PBXBuildFile; fileRef = 5CDA17872A00019700BC0139 /* SaveClothView.swift */; };
		5CDA179D2A00019700BC0139 /* RegisterView.swift in Sources */ = {isa = PBXBuildFile; fileRef = 5CDA17882A00019700BC0139 /* RegisterView.swift */; };
		5CDA179E2A00019700BC0139 /* LoginView.swift in Sources */ = {isa = PBXBuildFile; fileRef = 5CDA17892A00019700BC0139 /* LoginView.swift */; };
		5CDA179F2A00019700BC0139 /* CreateOutfitView.swift in Sources */ = {isa = PBXBuildFile; fileRef = 5CDA178A2A00019700BC0139 /* CreateOutfitView.swift */; };
		5CDA17A12A00019700BC0139 /* ProfileView.swift in Sources */ = {isa = PBXBuildFile; fileRef = 5CDA178C2A00019700BC0139 /* ProfileView.swift */; };
		5CDA17A22A00019700BC0139 /* ScanClothView.swift in Sources */ = {isa = PBXBuildFile; fileRef = 5CDA178D2A00019700BC0139 /* ScanClothView.swift */; };
		5CDA17A32A00019700BC0139 /* ChoosenPostView.swift in Sources */ = {isa = PBXBuildFile; fileRef = 5CDA178E2A00019700BC0139 /* ChoosenPostView.swift */; };
		5CDA17A52A0073F400BC0139 /* UserProfile.swift in Sources */ = {isa = PBXBuildFile; fileRef = 5CDA17A42A0073F400BC0139 /* UserProfile.swift */; };
		5CDA17A72A00750400BC0139 /* User.swift in Sources */ = {isa = PBXBuildFile; fileRef = 5CDA17A62A00750400BC0139 /* User.swift */; };
		5CDA17A92A00773F00BC0139 /* Category.swift in Sources */ = {isa = PBXBuildFile; fileRef = 5CDA17A82A00773F00BC0139 /* Category.swift */; };
		5CDA17AB2A00778D00BC0139 /* Subcategory.swift in Sources */ = {isa = PBXBuildFile; fileRef = 5CDA17AA2A00778D00BC0139 /* Subcategory.swift */; };
		5CDA17AD2A0077F100BC0139 /* Cloth.swift in Sources */ = {isa = PBXBuildFile; fileRef = 5CDA17AC2A0077F100BC0139 /* Cloth.swift */; };
		5CDA17AF2A00780D00BC0139 /* Outfit.swift in Sources */ = {isa = PBXBuildFile; fileRef = 5CDA17AE2A00780D00BC0139 /* Outfit.swift */; };
		5CDA17B32A007CF700BC0139 /* MockData.swift in Sources */ = {isa = PBXBuildFile; fileRef = 5CDA17B22A007CF700BC0139 /* MockData.swift */; };
		5CDA17B52A009DF800BC0139 /* Extensions.swift in Sources */ = {isa = PBXBuildFile; fileRef = 5CDA17B42A009DF800BC0139 /* Extensions.swift */; };
		5CDF1E2A2A1D5D5700AABFEE /* ImagePickerViewModel.swift in Sources */ = {isa = PBXBuildFile; fileRef = 5CDF1E292A1D5D5700AABFEE /* ImagePickerViewModel.swift */; };
		5CDF1E302A1D709600AABFEE /* Assets.xcassets in Resources */ = {isa = PBXBuildFile; fileRef = 5CDF1E2F2A1D709600AABFEE /* Assets.xcassets */; };
/* End PBXBuildFile section */

/* Begin PBXContainerItemProxy section */
		5CDA174F29FFFFFC00BC0139 /* PBXContainerItemProxy */ = {
			isa = PBXContainerItemProxy;
			containerPortal = 5CDA173129FFFFFA00BC0139 /* Project object */;
			proxyType = 1;
			remoteGlobalIDString = 5CDA173829FFFFFA00BC0139;
			remoteInfo = TarzoneApp;
		};
		5CDA175929FFFFFC00BC0139 /* PBXContainerItemProxy */ = {
			isa = PBXContainerItemProxy;
			containerPortal = 5CDA173129FFFFFA00BC0139 /* Project object */;
			proxyType = 1;
			remoteGlobalIDString = 5CDA173829FFFFFA00BC0139;
			remoteInfo = TarzoneApp;
		};
/* End PBXContainerItemProxy section */

/* Begin PBXFileReference section */
		5C00A5552A281C8100452137 /* CreateOutfitViewModel.swift */ = {isa = PBXFileReference; lastKnownFileType = sourcecode.swift; path = CreateOutfitViewModel.swift; sourceTree = "<group>"; };
		5C09D8E72A1D80A700F29566 /* Vision.framework */ = {isa = PBXFileReference; lastKnownFileType = wrapper.framework; name = Vision.framework; path = System/Library/Frameworks/Vision.framework; sourceTree = SDKROOT; };
		5C09D8F02A1D8B7900F29566 /* Image.swift */ = {isa = PBXFileReference; lastKnownFileType = sourcecode.swift; path = Image.swift; sourceTree = "<group>"; };
		5C0F374E2A269E340055D4A0 /* label.txt */ = {isa = PBXFileReference; fileEncoding = 4; lastKnownFileType = text; path = label.txt; sourceTree = "<group>"; };
		5C16C5D02A1E4CF2001A2C17 /* VisionKit.framework */ = {isa = PBXFileReference; lastKnownFileType = wrapper.framework; name = VisionKit.framework; path = System/Library/Frameworks/VisionKit.framework; sourceTree = SDKROOT; };
		5C16C5D42A1ECEEC001A2C17 /* ImageTipsView.swift */ = {isa = PBXFileReference; lastKnownFileType = sourcecode.swift; path = ImageTipsView.swift; sourceTree = "<group>"; };
		5C1C8D582A1BB3FB00CAFC5C /* EditProfileView.swift */ = {isa = PBXFileReference; lastKnownFileType = sourcecode.swift; path = EditProfileView.swift; sourceTree = "<group>"; };
		5C1C8D5A2A1BBBCD00CAFC5C /* EditProfileViewModel.swift */ = {isa = PBXFileReference; lastKnownFileType = sourcecode.swift; path = EditProfileViewModel.swift; sourceTree = "<group>"; };
		5C1C8D5C2A1BC5F400CAFC5C /* ImageUploader.swift */ = {isa = PBXFileReference; lastKnownFileType = sourcecode.swift; path = ImageUploader.swift; sourceTree = "<group>"; };
		5C1C8D612A1C201A00CAFC5C /* CircularProfileImageView.swift */ = {isa = PBXFileReference; lastKnownFileType = sourcecode.swift; path = CircularProfileImageView.swift; sourceTree = "<group>"; };
		5C2141AD2A18146F0083E976 /* CurrentUser.swift */ = {isa = PBXFileReference; lastKnownFileType = sourcecode.swift; path = CurrentUser.swift; sourceTree = "<group>"; };
		5C2141AF2A18380A0083E976 /* LoginViewModel.swift */ = {isa = PBXFileReference; lastKnownFileType = sourcecode.swift; path = LoginViewModel.swift; sourceTree = "<group>"; };
		5C2141B12A184FBC0083E976 /* UserService.swift */ = {isa = PBXFileReference; lastKnownFileType = sourcecode.swift; path = UserService.swift; sourceTree = "<group>"; };
		5C2830812A1589BB00C81C36 /* Outfitss.swift */ = {isa = PBXFileReference; lastKnownFileType = sourcecode.swift; path = Outfitss.swift; sourceTree = "<group>"; };
		5C66CB112A17EFFC00FBAAD9 /* AuthService.swift */ = {isa = PBXFileReference; lastKnownFileType = sourcecode.swift; path = AuthService.swift; sourceTree = "<group>"; };
		5C66CB162A17F25500FBAAD9 /* ContentViewModel.swift */ = {isa = PBXFileReference; lastKnownFileType = sourcecode.swift; path = ContentViewModel.swift; sourceTree = "<group>"; };
		5C66CB1B2A1807E300FBAAD9 /* RegisterViewModel.swift */ = {isa = PBXFileReference; lastKnownFileType = sourcecode.swift; path = RegisterViewModel.swift; sourceTree = "<group>"; };
		5C7888B52A0D421B00679C66 /* FollowView.swift */ = {isa = PBXFileReference; lastKnownFileType = sourcecode.swift; path = FollowView.swift; sourceTree = "<group>"; };
		5C7888B72A0D580B00679C66 /* TabItem.swift */ = {isa = PBXFileReference; lastKnownFileType = sourcecode.swift; path = TabItem.swift; sourceTree = "<group>"; };
		5C7888B92A0D59FC00679C66 /* TabContainerViewModel.swift */ = {isa = PBXFileReference; lastKnownFileType = sourcecode.swift; path = TabContainerViewModel.swift; sourceTree = "<group>"; };
		5C7888BB2A0DC02000679C66 /* SearchBar.swift */ = {isa = PBXFileReference; fileEncoding = 4; lastKnownFileType = sourcecode.swift; path = SearchBar.swift; sourceTree = "<group>"; };
		5C7888BD2A0DC10900679C66 /* PostGridView.swift */ = {isa = PBXFileReference; fileEncoding = 4; lastKnownFileType = sourcecode.swift; path = PostGridView.swift; sourceTree = "<group>"; };
		5CA765052A16E8EF004473F4 /* LoginRegisterView.swift */ = {isa = PBXFileReference; lastKnownFileType = sourcecode.swift; path = LoginRegisterView.swift; sourceTree = "<group>"; };
		5CA765072A16FCA5004473F4 /* CustomInputField.swift */ = {isa = PBXFileReference; lastKnownFileType = sourcecode.swift; path = CustomInputField.swift; sourceTree = "<group>"; };
		5CB959182A13917700D2E1CA /* TimeLineView.swift */ = {isa = PBXFileReference; lastKnownFileType = sourcecode.swift; path = TimeLineView.swift; sourceTree = "<group>"; };
		5CB959312A13D02C00D2E1CA /* Inspiration.swift */ = {isa = PBXFileReference; lastKnownFileType = sourcecode.swift; path = Inspiration.swift; sourceTree = "<group>"; };
		5CC2AA072A250EB400523F11 /* GoogleService-Info.plist */ = {isa = PBXFileReference; fileEncoding = 4; lastKnownFileType = text.plist.xml; path = "GoogleService-Info.plist"; sourceTree = "<group>"; };
		5CC2AA0F2A253D8300523F11 /* SaveClothViewModel.swift */ = {isa = PBXFileReference; lastKnownFileType = sourcecode.swift; path = SaveClothViewModel.swift; sourceTree = "<group>"; };
		5CC2AA152A25754E00523F11 /* ClothPredictionModel.mlmodel */ = {isa = PBXFileReference; lastKnownFileType = file.mlmodel; path = ClothPredictionModel.mlmodel; sourceTree = "<group>"; };
		5CDA173929FFFFFA00BC0139 /* TarzoneApp.app */ = {isa = PBXFileReference; explicitFileType = wrapper.application; includeInIndex = 0; path = TarzoneApp.app; sourceTree = BUILT_PRODUCTS_DIR; };
		5CDA173C29FFFFFA00BC0139 /* TarzoneApp.swift */ = {isa = PBXFileReference; lastKnownFileType = sourcecode.swift; path = TarzoneApp.swift; sourceTree = "<group>"; };
		5CDA173E29FFFFFA00BC0139 /* ContentView.swift */ = {isa = PBXFileReference; lastKnownFileType = sourcecode.swift; path = ContentView.swift; sourceTree = "<group>"; };
		5CDA174329FFFFFC00BC0139 /* Preview Assets.xcassets */ = {isa = PBXFileReference; lastKnownFileType = folder.assetcatalog; path = "Preview Assets.xcassets"; sourceTree = "<group>"; };
		5CDA174529FFFFFC00BC0139 /* Persistence.swift */ = {isa = PBXFileReference; lastKnownFileType = sourcecode.swift; path = Persistence.swift; sourceTree = "<group>"; };
		5CDA174829FFFFFC00BC0139 /* TarzoneApp.xcdatamodel */ = {isa = PBXFileReference; lastKnownFileType = wrapper.xcdatamodel; path = TarzoneApp.xcdatamodel; sourceTree = "<group>"; };
		5CDA174E29FFFFFC00BC0139 /* TarzoneAppTests.xctest */ = {isa = PBXFileReference; explicitFileType = wrapper.cfbundle; includeInIndex = 0; path = TarzoneAppTests.xctest; sourceTree = BUILT_PRODUCTS_DIR; };
		5CDA175229FFFFFC00BC0139 /* TarzoneAppTests.swift */ = {isa = PBXFileReference; lastKnownFileType = sourcecode.swift; path = TarzoneAppTests.swift; sourceTree = "<group>"; };
		5CDA175829FFFFFC00BC0139 /* TarzoneAppUITests.xctest */ = {isa = PBXFileReference; explicitFileType = wrapper.cfbundle; includeInIndex = 0; path = TarzoneAppUITests.xctest; sourceTree = BUILT_PRODUCTS_DIR; };
		5CDA175C29FFFFFC00BC0139 /* TarzoneAppUITests.swift */ = {isa = PBXFileReference; lastKnownFileType = sourcecode.swift; path = TarzoneAppUITests.swift; sourceTree = "<group>"; };
		5CDA175E29FFFFFC00BC0139 /* TarzoneAppUITestsLaunchTests.swift */ = {isa = PBXFileReference; lastKnownFileType = sourcecode.swift; path = TarzoneAppUITestsLaunchTests.swift; sourceTree = "<group>"; };
		5CDA176B2A00001900BC0139 /* Info.plist */ = {isa = PBXFileReference; lastKnownFileType = text.plist.xml; path = Info.plist; sourceTree = "<group>"; };
		5CDA17792A00019700BC0139 /* OutfitPost.swift */ = {isa = PBXFileReference; fileEncoding = 4; lastKnownFileType = sourcecode.swift; path = OutfitPost.swift; sourceTree = "<group>"; };
		5CDA177F2A00019700BC0139 /* UserProfileView.swift */ = {isa = PBXFileReference; fileEncoding = 4; lastKnownFileType = sourcecode.swift; path = UserProfileView.swift; sourceTree = "<group>"; };
		5CDA17822A00019700BC0139 /* OutfitView.swift */ = {isa = PBXFileReference; fileEncoding = 4; lastKnownFileType = sourcecode.swift; path = OutfitView.swift; sourceTree = "<group>"; };
		5CDA17842A00019700BC0139 /* TabContainerView.swift */ = {isa = PBXFileReference; fileEncoding = 4; lastKnownFileType = sourcecode.swift; path = TabContainerView.swift; sourceTree = "<group>"; };
		5CDA17852A00019700BC0139 /* SavedOutfitsView.swift */ = {isa = PBXFileReference; fileEncoding = 4; lastKnownFileType = sourcecode.swift; path = SavedOutfitsView.swift; sourceTree = "<group>"; };
		5CDA17862A00019700BC0139 /* FollowerListView.swift */ = {isa = PBXFileReference; fileEncoding = 4; lastKnownFileType = sourcecode.swift; path = FollowerListView.swift; sourceTree = "<group>"; };
		5CDA17872A00019700BC0139 /* SaveClothView.swift */ = {isa = PBXFileReference; fileEncoding = 4; lastKnownFileType = sourcecode.swift; path = SaveClothView.swift; sourceTree = "<group>"; };
		5CDA17882A00019700BC0139 /* RegisterView.swift */ = {isa = PBXFileReference; fileEncoding = 4; lastKnownFileType = sourcecode.swift; path = RegisterView.swift; sourceTree = "<group>"; };
		5CDA17892A00019700BC0139 /* LoginView.swift */ = {isa = PBXFileReference; fileEncoding = 4; lastKnownFileType = sourcecode.swift; path = LoginView.swift; sourceTree = "<group>"; };
		5CDA178A2A00019700BC0139 /* CreateOutfitView.swift */ = {isa = PBXFileReference; fileEncoding = 4; lastKnownFileType = sourcecode.swift; path = CreateOutfitView.swift; sourceTree = "<group>"; };
		5CDA178C2A00019700BC0139 /* ProfileView.swift */ = {isa = PBXFileReference; fileEncoding = 4; lastKnownFileType = sourcecode.swift; path = ProfileView.swift; sourceTree = "<group>"; };
		5CDA178D2A00019700BC0139 /* ScanClothView.swift */ = {isa = PBXFileReference; fileEncoding = 4; lastKnownFileType = sourcecode.swift; path = ScanClothView.swift; sourceTree = "<group>"; };
		5CDA178E2A00019700BC0139 /* ChoosenPostView.swift */ = {isa = PBXFileReference; fileEncoding = 4; lastKnownFileType = sourcecode.swift; path = ChoosenPostView.swift; sourceTree = "<group>"; };
		5CDA17A42A0073F400BC0139 /* UserProfile.swift */ = {isa = PBXFileReference; lastKnownFileType = sourcecode.swift; path = UserProfile.swift; sourceTree = "<group>"; };
		5CDA17A62A00750400BC0139 /* User.swift */ = {isa = PBXFileReference; lastKnownFileType = sourcecode.swift; path = User.swift; sourceTree = "<group>"; };
		5CDA17A82A00773F00BC0139 /* Category.swift */ = {isa = PBXFileReference; lastKnownFileType = sourcecode.swift; path = Category.swift; sourceTree = "<group>"; };
		5CDA17AA2A00778D00BC0139 /* Subcategory.swift */ = {isa = PBXFileReference; lastKnownFileType = sourcecode.swift; path = Subcategory.swift; sourceTree = "<group>"; };
		5CDA17AC2A0077F100BC0139 /* Cloth.swift */ = {isa = PBXFileReference; lastKnownFileType = sourcecode.swift; path = Cloth.swift; sourceTree = "<group>"; };
		5CDA17AE2A00780D00BC0139 /* Outfit.swift */ = {isa = PBXFileReference; lastKnownFileType = sourcecode.swift; path = Outfit.swift; sourceTree = "<group>"; };
		5CDA17B22A007CF700BC0139 /* MockData.swift */ = {isa = PBXFileReference; lastKnownFileType = sourcecode.swift; path = MockData.swift; sourceTree = "<group>"; };
		5CDA17B42A009DF800BC0139 /* Extensions.swift */ = {isa = PBXFileReference; lastKnownFileType = sourcecode.swift; path = Extensions.swift; sourceTree = "<group>"; };
		5CDF1E292A1D5D5700AABFEE /* ImagePickerViewModel.swift */ = {isa = PBXFileReference; fileEncoding = 4; lastKnownFileType = sourcecode.swift; path = ImagePickerViewModel.swift; sourceTree = "<group>"; };
		5CDF1E2F2A1D709600AABFEE /* Assets.xcassets */ = {isa = PBXFileReference; lastKnownFileType = folder.assetcatalog; path = Assets.xcassets; sourceTree = "<group>"; };
/* End PBXFileReference section */

/* Begin PBXFrameworksBuildPhase section */
		5CDA173629FFFFFA00BC0139 /* Frameworks */ = {
			isa = PBXFrameworksBuildPhase;
			buildActionMask = 2147483647;
			files = (
				5C16C5D12A1E4CF2001A2C17 /* VisionKit.framework in Frameworks */,
				5C09D8E82A1D80A700F29566 /* Vision.framework in Frameworks */,
				5C2F21842A1D943800F15A8A /* Alamofire in Frameworks */,
				5C66CB0A2A17ED6300FBAAD9 /* FirebaseAuth in Frameworks */,
				5C66CB102A17ED6300FBAAD9 /* FirebaseStorage in Frameworks */,
				5C66CB0C2A17ED6300FBAAD9 /* FirebaseFirestore in Frameworks */,
				5C66CB0E2A17ED6300FBAAD9 /* FirebaseFirestoreSwift in Frameworks */,
				5C1C8D602A1C1FF400CAFC5C /* Kingfisher in Frameworks */,
			);
			runOnlyForDeploymentPostprocessing = 0;
		};
		5CDA174B29FFFFFC00BC0139 /* Frameworks */ = {
			isa = PBXFrameworksBuildPhase;
			buildActionMask = 2147483647;
			files = (
			);
			runOnlyForDeploymentPostprocessing = 0;
		};
		5CDA175529FFFFFC00BC0139 /* Frameworks */ = {
			isa = PBXFrameworksBuildPhase;
			buildActionMask = 2147483647;
			files = (
			);
			runOnlyForDeploymentPostprocessing = 0;
		};
/* End PBXFrameworksBuildPhase section */

/* Begin PBXGroup section */
		5C2141B32A184FC70083E976 /* Services */ = {
			isa = PBXGroup;
			children = (
				5C66CB112A17EFFC00FBAAD9 /* AuthService.swift */,
				5C1C8D5C2A1BC5F400CAFC5C /* ImageUploader.swift */,
				5C2141B12A184FBC0083E976 /* UserService.swift */,
			);
			path = Services;
			sourceTree = "<group>";
		};
		5C66CB132A17F21600FBAAD9 /* Content */ = {
			isa = PBXGroup;
			children = (
				5C66CB152A17F23300FBAAD9 /* ViewModel */,
				5C66CB142A17F22F00FBAAD9 /* View */,
			);
			path = Content;
			sourceTree = "<group>";
		};
		5C66CB142A17F22F00FBAAD9 /* View */ = {
			isa = PBXGroup;
			children = (
				5CDA173E29FFFFFA00BC0139 /* ContentView.swift */,
			);
			path = View;
			sourceTree = "<group>";
		};
		5C66CB152A17F23300FBAAD9 /* ViewModel */ = {
			isa = PBXGroup;
			children = (
				5C66CB162A17F25500FBAAD9 /* ContentViewModel.swift */,
			);
			path = ViewModel;
			sourceTree = "<group>";
		};
		5CB9591A2A13A3C400D2E1CA /* TimeLine */ = {
			isa = PBXGroup;
			children = (
				5CB9591B2A13A40E00D2E1CA /* View */,
				5CB9591C2A13A41300D2E1CA /* ViewModel */,
			);
			path = TimeLine;
			sourceTree = "<group>";
		};
		5CB9591B2A13A40E00D2E1CA /* View */ = {
			isa = PBXGroup;
			children = (
				5CDA178E2A00019700BC0139 /* ChoosenPostView.swift */,
				5CB959182A13917700D2E1CA /* TimeLineView.swift */,
			);
			path = View;
			sourceTree = "<group>";
		};
		5CB9591C2A13A41300D2E1CA /* ViewModel */ = {
			isa = PBXGroup;
			children = (
			);
			path = ViewModel;
			sourceTree = "<group>";
		};
		5CB9591D2A13A44400D2E1CA /* Profile */ = {
			isa = PBXGroup;
			children = (
				5CB9591E2A13A45600D2E1CA /* View */,
				5CB9591F2A13A45C00D2E1CA /* ViewModel */,
			);
			path = Profile;
			sourceTree = "<group>";
		};
		5CB9591E2A13A45600D2E1CA /* View */ = {
			isa = PBXGroup;
			children = (
				5CDA17862A00019700BC0139 /* FollowerListView.swift */,
				5CDA178C2A00019700BC0139 /* ProfileView.swift */,
				5C2141AD2A18146F0083E976 /* CurrentUser.swift */,
				5C1C8D582A1BB3FB00CAFC5C /* EditProfileView.swift */,
			);
			path = View;
			sourceTree = "<group>";
		};
		5CB9591F2A13A45C00D2E1CA /* ViewModel */ = {
			isa = PBXGroup;
			children = (
				5C1C8D5A2A1BBBCD00CAFC5C /* EditProfileViewModel.swift */,
			);
			path = ViewModel;
			sourceTree = "<group>";
		};
		5CB959202A13A48300D2E1CA /* ScanCloth */ = {
			isa = PBXGroup;
			children = (
				5CB959212A13A49A00D2E1CA /* View */,
				5CB959222A13A4A000D2E1CA /* ViewModel */,
			);
			path = ScanCloth;
			sourceTree = "<group>";
		};
		5CB959212A13A49A00D2E1CA /* View */ = {
			isa = PBXGroup;
			children = (
				5CDA17872A00019700BC0139 /* SaveClothView.swift */,
				5CDA178D2A00019700BC0139 /* ScanClothView.swift */,
				5C16C5D42A1ECEEC001A2C17 /* ImageTipsView.swift */,
			);
			path = View;
			sourceTree = "<group>";
		};
		5CB959222A13A4A000D2E1CA /* ViewModel */ = {
			isa = PBXGroup;
			children = (
				5CDF1E292A1D5D5700AABFEE /* ImagePickerViewModel.swift */,
				5CC2AA0F2A253D8300523F11 /* SaveClothViewModel.swift */,
			);
			path = ViewModel;
			sourceTree = "<group>";
		};
		5CB959232A13A4C700D2E1CA /* Authentication */ = {
			isa = PBXGroup;
			children = (
				5CB959242A13A4D400D2E1CA /* View */,
				5CB959252A13A4DD00D2E1CA /* ViewModel */,
			);
			path = Authentication;
			sourceTree = "<group>";
		};
		5CB959242A13A4D400D2E1CA /* View */ = {
			isa = PBXGroup;
			children = (
				5CDA17892A00019700BC0139 /* LoginView.swift */,
				5CDA17882A00019700BC0139 /* RegisterView.swift */,
				5CA765052A16E8EF004473F4 /* LoginRegisterView.swift */,
			);
			path = View;
			sourceTree = "<group>";
		};
		5CB959252A13A4DD00D2E1CA /* ViewModel */ = {
			isa = PBXGroup;
			children = (
				5C66CB1B2A1807E300FBAAD9 /* RegisterViewModel.swift */,
				5C2141AF2A18380A0083E976 /* LoginViewModel.swift */,
			);
			path = ViewModel;
			sourceTree = "<group>";
		};
		5CB959262A13A4F200D2E1CA /* TabBar */ = {
			isa = PBXGroup;
			children = (
				5CB959272A13A50000D2E1CA /* View */,
				5CB959282A13A50300D2E1CA /* ViewModel */,
			);
			path = TabBar;
			sourceTree = "<group>";
		};
		5CB959272A13A50000D2E1CA /* View */ = {
			isa = PBXGroup;
			children = (
				5CDA17842A00019700BC0139 /* TabContainerView.swift */,
			);
			path = View;
			sourceTree = "<group>";
		};
		5CB959282A13A50300D2E1CA /* ViewModel */ = {
			isa = PBXGroup;
			children = (
				5C7888B92A0D59FC00679C66 /* TabContainerViewModel.swift */,
			);
			path = ViewModel;
			sourceTree = "<group>";
		};
		5CB959292A13A52F00D2E1CA /* Inspiration */ = {
			isa = PBXGroup;
			children = (
				5CB9592A2A13A54F00D2E1CA /* View */,
				5CB9592B2A13A55200D2E1CA /* ViewModel */,
			);
			path = Inspiration;
			sourceTree = "<group>";
		};
		5CB9592A2A13A54F00D2E1CA /* View */ = {
			isa = PBXGroup;
			children = (
				5CDA17852A00019700BC0139 /* SavedOutfitsView.swift */,
			);
			path = View;
			sourceTree = "<group>";
		};
		5CB9592B2A13A55200D2E1CA /* ViewModel */ = {
			isa = PBXGroup;
			children = (
			);
			path = ViewModel;
			sourceTree = "<group>";
		};
		5CB9592C2A13A57400D2E1CA /* Outfit */ = {
			isa = PBXGroup;
			children = (
				5CB9592D2A13A58B00D2E1CA /* View */,
				5CB9592E2A13A58E00D2E1CA /* ViewModel */,
			);
			path = Outfit;
			sourceTree = "<group>";
		};
		5CB9592D2A13A58B00D2E1CA /* View */ = {
			isa = PBXGroup;
			children = (
				5CDA178A2A00019700BC0139 /* CreateOutfitView.swift */,
			);
			path = View;
			sourceTree = "<group>";
		};
		5CB9592E2A13A58E00D2E1CA /* ViewModel */ = {
			isa = PBXGroup;
			children = (
				5C00A5552A281C8100452137 /* CreateOutfitViewModel.swift */,
			);
			path = ViewModel;
			sourceTree = "<group>";
		};
		5CB9592F2A13A64F00D2E1CA /* Search */ = {
			isa = PBXGroup;
			children = (
			);
			path = Search;
			sourceTree = "<group>";
		};
		5CB959302A13A67100D2E1CA /* Core */ = {
			isa = PBXGroup;
			children = (
				5CB9592F2A13A64F00D2E1CA /* Search */,
				5CB9592C2A13A57400D2E1CA /* Outfit */,
				5CB959292A13A52F00D2E1CA /* Inspiration */,
				5CB9591A2A13A3C400D2E1CA /* TimeLine */,
				5CB959202A13A48300D2E1CA /* ScanCloth */,
				5CB9591D2A13A44400D2E1CA /* Profile */,
				5CB959232A13A4C700D2E1CA /* Authentication */,
				5CDA177E2A00019700BC0139 /* Components */,
				5CB959262A13A4F200D2E1CA /* TabBar */,
				5C66CB132A17F21600FBAAD9 /* Content */,
			);
			path = Core;
			sourceTree = "<group>";
		};
		5CDA173029FFFFFA00BC0139 = {
			isa = PBXGroup;
			children = (
				5CDA173B29FFFFFA00BC0139 /* TarzoneApp */,
				5CDA175129FFFFFC00BC0139 /* TarzoneAppTests */,
				5CDA175B29FFFFFC00BC0139 /* TarzoneAppUITests */,
				5CDA173A29FFFFFA00BC0139 /* Products */,
				5CDF1E352A1D758F00AABFEE /* Frameworks */,
			);
			sourceTree = "<group>";
		};
		5CDA173A29FFFFFA00BC0139 /* Products */ = {
			isa = PBXGroup;
			children = (
				5CDA173929FFFFFA00BC0139 /* TarzoneApp.app */,
				5CDA174E29FFFFFC00BC0139 /* TarzoneAppTests.xctest */,
				5CDA175829FFFFFC00BC0139 /* TarzoneAppUITests.xctest */,
			);
			name = Products;
			sourceTree = "<group>";
		};
		5CDA173B29FFFFFA00BC0139 /* TarzoneApp */ = {
			isa = PBXGroup;
			children = (
				5C2141B32A184FC70083E976 /* Services */,
				5CDA178F2A00019700BC0139 /* Data */,
				5CDA17902A00019700BC0139 /* MLModel */,
				5CDA17782A00019700BC0139 /* Model */,
				5CB959302A13A67100D2E1CA /* Core */,
				5CDA173C29FFFFFA00BC0139 /* TarzoneApp.swift */,
				5CDA17B42A009DF800BC0139 /* Extensions.swift */,
				5CDA174529FFFFFC00BC0139 /* Persistence.swift */,
				5CC2AA072A250EB400523F11 /* GoogleService-Info.plist */,
				5CDA176B2A00001900BC0139 /* Info.plist */,
				5CDA174729FFFFFC00BC0139 /* TarzoneApp.xcdatamodeld */,
				5CDF1E2F2A1D709600AABFEE /* Assets.xcassets */,
				5CDF1E342A1D748400AABFEE /* Preview Content */,
			);
			path = TarzoneApp;
			sourceTree = "<group>";
		};
		5CDA175129FFFFFC00BC0139 /* TarzoneAppTests */ = {
			isa = PBXGroup;
			children = (
				5CDA175229FFFFFC00BC0139 /* TarzoneAppTests.swift */,
			);
			path = TarzoneAppTests;
			sourceTree = "<group>";
		};
		5CDA175B29FFFFFC00BC0139 /* TarzoneAppUITests */ = {
			isa = PBXGroup;
			children = (
				5CDA175C29FFFFFC00BC0139 /* TarzoneAppUITests.swift */,
				5CDA175E29FFFFFC00BC0139 /* TarzoneAppUITestsLaunchTests.swift */,
			);
			path = TarzoneAppUITests;
			sourceTree = "<group>";
		};
		5CDA17782A00019700BC0139 /* Model */ = {
			isa = PBXGroup;
			children = (
				5CDA17A62A00750400BC0139 /* User.swift */,
				5CDA17A42A0073F400BC0139 /* UserProfile.swift */,
				5CDA17AE2A00780D00BC0139 /* Outfit.swift */,
				5CDA17792A00019700BC0139 /* OutfitPost.swift */,
				5CDA17AC2A0077F100BC0139 /* Cloth.swift */,
				5CDA17A82A00773F00BC0139 /* Category.swift */,
				5CDA17AA2A00778D00BC0139 /* Subcategory.swift */,
				5C7888B72A0D580B00679C66 /* TabItem.swift */,
				5CB959312A13D02C00D2E1CA /* Inspiration.swift */,
				5C2830812A1589BB00C81C36 /* Outfitss.swift */,
				5C09D8F02A1D8B7900F29566 /* Image.swift */,
			);
			path = Model;
			sourceTree = "<group>";
		};
		5CDA177E2A00019700BC0139 /* Components */ = {
			isa = PBXGroup;
			children = (
				5C7888BB2A0DC02000679C66 /* SearchBar.swift */,
				5CDA177F2A00019700BC0139 /* UserProfileView.swift */,
				5C7888BD2A0DC10900679C66 /* PostGridView.swift */,
				5CDA17822A00019700BC0139 /* OutfitView.swift */,
				5C7888B52A0D421B00679C66 /* FollowView.swift */,
				5CA765072A16FCA5004473F4 /* CustomInputField.swift */,
				5C1C8D612A1C201A00CAFC5C /* CircularProfileImageView.swift */,
			);
			path = Components;
			sourceTree = "<group>";
		};
		5CDA178F2A00019700BC0139 /* Data */ = {
			isa = PBXGroup;
			children = (
				5CDA17B22A007CF700BC0139 /* MockData.swift */,
			);
			path = Data;
			sourceTree = "<group>";
		};
		5CDA17902A00019700BC0139 /* MLModel */ = {
			isa = PBXGroup;
			children = (
				5C0F374E2A269E340055D4A0 /* label.txt */,
				5CC2AA152A25754E00523F11 /* ClothPredictionModel.mlmodel */,
			);
			path = MLModel;
			sourceTree = "<group>";
		};
		5CDF1E342A1D748400AABFEE /* Preview Content */ = {
			isa = PBXGroup;
			children = (
				5CDA174329FFFFFC00BC0139 /* Preview Assets.xcassets */,
			);
			path = "Preview Content";
			sourceTree = "<group>";
		};
		5CDF1E352A1D758F00AABFEE /* Frameworks */ = {
			isa = PBXGroup;
			children = (
				5C16C5D02A1E4CF2001A2C17 /* VisionKit.framework */,
				5C09D8E72A1D80A700F29566 /* Vision.framework */,
			);
			name = Frameworks;
			sourceTree = "<group>";
		};
/* End PBXGroup section */

/* Begin PBXNativeTarget section */
		5CDA173829FFFFFA00BC0139 /* TarzoneApp */ = {
			isa = PBXNativeTarget;
			buildConfigurationList = 5CDA176229FFFFFC00BC0139 /* Build configuration list for PBXNativeTarget "TarzoneApp" */;
			buildPhases = (
				5CDA173529FFFFFA00BC0139 /* Sources */,
				5CDA173629FFFFFA00BC0139 /* Frameworks */,
				5CDA173729FFFFFA00BC0139 /* Resources */,
			);
			buildRules = (
			);
			dependencies = (
			);
			name = TarzoneApp;
			packageProductDependencies = (
				5C66CB092A17ED6300FBAAD9 /* FirebaseAuth */,
				5C66CB0B2A17ED6300FBAAD9 /* FirebaseFirestore */,
				5C66CB0D2A17ED6300FBAAD9 /* FirebaseFirestoreSwift */,
				5C66CB0F2A17ED6300FBAAD9 /* FirebaseStorage */,
				5C1C8D5F2A1C1FF400CAFC5C /* Kingfisher */,
				5C2F21832A1D943800F15A8A /* Alamofire */,
			);
			productName = TarzoneApp;
			productReference = 5CDA173929FFFFFA00BC0139 /* TarzoneApp.app */;
			productType = "com.apple.product-type.application";
		};
		5CDA174D29FFFFFC00BC0139 /* TarzoneAppTests */ = {
			isa = PBXNativeTarget;
			buildConfigurationList = 5CDA176529FFFFFC00BC0139 /* Build configuration list for PBXNativeTarget "TarzoneAppTests" */;
			buildPhases = (
				5CDA174A29FFFFFC00BC0139 /* Sources */,
				5CDA174B29FFFFFC00BC0139 /* Frameworks */,
				5CDA174C29FFFFFC00BC0139 /* Resources */,
			);
			buildRules = (
			);
			dependencies = (
				5CDA175029FFFFFC00BC0139 /* PBXTargetDependency */,
			);
			name = TarzoneAppTests;
			productName = TarzoneAppTests;
			productReference = 5CDA174E29FFFFFC00BC0139 /* TarzoneAppTests.xctest */;
			productType = "com.apple.product-type.bundle.unit-test";
		};
		5CDA175729FFFFFC00BC0139 /* TarzoneAppUITests */ = {
			isa = PBXNativeTarget;
			buildConfigurationList = 5CDA176829FFFFFC00BC0139 /* Build configuration list for PBXNativeTarget "TarzoneAppUITests" */;
			buildPhases = (
				5CDA175429FFFFFC00BC0139 /* Sources */,
				5CDA175529FFFFFC00BC0139 /* Frameworks */,
				5CDA175629FFFFFC00BC0139 /* Resources */,
			);
			buildRules = (
			);
			dependencies = (
				5CDA175A29FFFFFC00BC0139 /* PBXTargetDependency */,
			);
			name = TarzoneAppUITests;
			productName = TarzoneAppUITests;
			productReference = 5CDA175829FFFFFC00BC0139 /* TarzoneAppUITests.xctest */;
			productType = "com.apple.product-type.bundle.ui-testing";
		};
/* End PBXNativeTarget section */

/* Begin PBXProject section */
		5CDA173129FFFFFA00BC0139 /* Project object */ = {
			isa = PBXProject;
			attributes = {
				BuildIndependentTargetsInParallel = 1;
				LastSwiftUpdateCheck = 1430;
				LastUpgradeCheck = 1430;
				TargetAttributes = {
					5CDA173829FFFFFA00BC0139 = {
						CreatedOnToolsVersion = 14.3;
					};
					5CDA174D29FFFFFC00BC0139 = {
						CreatedOnToolsVersion = 14.3;
						TestTargetID = 5CDA173829FFFFFA00BC0139;
					};
					5CDA175729FFFFFC00BC0139 = {
						CreatedOnToolsVersion = 14.3;
						TestTargetID = 5CDA173829FFFFFA00BC0139;
					};
				};
			};
			buildConfigurationList = 5CDA173429FFFFFA00BC0139 /* Build configuration list for PBXProject "TarzoneApp" */;
			compatibilityVersion = "Xcode 14.0";
			developmentRegion = en;
			hasScannedForEncodings = 0;
			knownRegions = (
				en,
				Base,
			);
			mainGroup = 5CDA173029FFFFFA00BC0139;
			packageReferences = (
				5C66CB082A17ED6300FBAAD9 /* XCRemoteSwiftPackageReference "firebase-ios-sdk" */,
				5C1C8D5E2A1C1FF400CAFC5C /* XCRemoteSwiftPackageReference "Kingfisher" */,
				5C2F21822A1D943800F15A8A /* XCRemoteSwiftPackageReference "Alamofire" */,
			);
			productRefGroup = 5CDA173A29FFFFFA00BC0139 /* Products */;
			projectDirPath = "";
			projectRoot = "";
			targets = (
				5CDA173829FFFFFA00BC0139 /* TarzoneApp */,
				5CDA174D29FFFFFC00BC0139 /* TarzoneAppTests */,
				5CDA175729FFFFFC00BC0139 /* TarzoneAppUITests */,
			);
		};
/* End PBXProject section */

/* Begin PBXResourcesBuildPhase section */
		5CDA173729FFFFFA00BC0139 /* Resources */ = {
			isa = PBXResourcesBuildPhase;
			buildActionMask = 2147483647;
			files = (
				5CDA174429FFFFFC00BC0139 /* Preview Assets.xcassets in Resources */,
				5CC2AA082A250EB400523F11 /* GoogleService-Info.plist in Resources */,
				5CDF1E302A1D709600AABFEE /* Assets.xcassets in Resources */,
				5C0F374F2A269E340055D4A0 /* label.txt in Resources */,
			);
			runOnlyForDeploymentPostprocessing = 0;
		};
		5CDA174C29FFFFFC00BC0139 /* Resources */ = {
			isa = PBXResourcesBuildPhase;
			buildActionMask = 2147483647;
			files = (
			);
			runOnlyForDeploymentPostprocessing = 0;
		};
		5CDA175629FFFFFC00BC0139 /* Resources */ = {
			isa = PBXResourcesBuildPhase;
			buildActionMask = 2147483647;
			files = (
			);
			runOnlyForDeploymentPostprocessing = 0;
		};
/* End PBXResourcesBuildPhase section */

/* Begin PBXSourcesBuildPhase section */
		5CDA173529FFFFFA00BC0139 /* Sources */ = {
			isa = PBXSourcesBuildPhase;
			buildActionMask = 2147483647;
			files = (
				5CDA17AB2A00778D00BC0139 /* Subcategory.swift in Sources */,
				5CDA17A32A00019700BC0139 /* ChoosenPostView.swift in Sources */,
				5CDA179F2A00019700BC0139 /* CreateOutfitView.swift in Sources */,
				5C66CB122A17EFFC00FBAAD9 /* AuthService.swift in Sources */,
				5C7888B82A0D580C00679C66 /* TabItem.swift in Sources */,
				5CDA17952A00019700BC0139 /* UserProfileView.swift in Sources */,
				5CDA179B2A00019700BC0139 /* FollowerListView.swift in Sources */,
				5C7888BC2A0DC02000679C66 /* SearchBar.swift in Sources */,
				5CDA17A22A00019700BC0139 /* ScanClothView.swift in Sources */,
				5CDA179E2A00019700BC0139 /* LoginView.swift in Sources */,
				5C2830822A1589BB00C81C36 /* Outfitss.swift in Sources */,
				5CDA174629FFFFFC00BC0139 /* Persistence.swift in Sources */,
				5CDA17B52A009DF800BC0139 /* Extensions.swift in Sources */,
				5C00A5562A281C8200452137 /* CreateOutfitViewModel.swift in Sources */,
				5CB959192A13917700D2E1CA /* TimeLineView.swift in Sources */,
				5CDA17912A00019700BC0139 /* OutfitPost.swift in Sources */,
				5C7888BA2A0D59FC00679C66 /* TabContainerViewModel.swift in Sources */,
				5CB959322A13D02C00D2E1CA /* Inspiration.swift in Sources */,
				5CDA17A52A0073F400BC0139 /* UserProfile.swift in Sources */,
				5CDA173F29FFFFFA00BC0139 /* ContentView.swift in Sources */,
				5C1C8D622A1C201A00CAFC5C /* CircularProfileImageView.swift in Sources */,
				5C2141B22A184FBC0083E976 /* UserService.swift in Sources */,
				5CDA179A2A00019700BC0139 /* SavedOutfitsView.swift in Sources */,
				5CDA17982A00019700BC0139 /* OutfitView.swift in Sources */,
				5CDA17992A00019700BC0139 /* TabContainerView.swift in Sources */,
				5CDA17A92A00773F00BC0139 /* Category.swift in Sources */,
				5C7888BE2A0DC10900679C66 /* PostGridView.swift in Sources */,
				5C1C8D5D2A1BC5F400CAFC5C /* ImageUploader.swift in Sources */,
				5C7888B62A0D421B00679C66 /* FollowView.swift in Sources */,
				5CDF1E2A2A1D5D5700AABFEE /* ImagePickerViewModel.swift in Sources */,
				5CC2AA102A253D8300523F11 /* SaveClothViewModel.swift in Sources */,
				5CC2AA162A25754E00523F11 /* ClothPredictionModel.mlmodel in Sources */,
				5C2141AE2A18146F0083E976 /* CurrentUser.swift in Sources */,
				5CDA179D2A00019700BC0139 /* RegisterView.swift in Sources */,
				5CA765082A16FCA5004473F4 /* CustomInputField.swift in Sources */,
				5C2141B02A18380A0083E976 /* LoginViewModel.swift in Sources */,
				5C66CB1C2A1807E300FBAAD9 /* RegisterViewModel.swift in Sources */,
				5C1C8D5B2A1BBBCD00CAFC5C /* EditProfileViewModel.swift in Sources */,
				5CA765062A16E8EF004473F4 /* LoginRegisterView.swift in Sources */,
				5CDA173D29FFFFFA00BC0139 /* TarzoneApp.swift in Sources */,
				5CDA174929FFFFFC00BC0139 /* TarzoneApp.xcdatamodeld in Sources */,
				5CDA17A12A00019700BC0139 /* ProfileView.swift in Sources */,
				5CDA17AF2A00780D00BC0139 /* Outfit.swift in Sources */,
				5C1C8D592A1BB3FB00CAFC5C /* EditProfileView.swift in Sources */,
				5C66CB172A17F25500FBAAD9 /* ContentViewModel.swift in Sources */,
				5CDA17B32A007CF700BC0139 /* MockData.swift in Sources */,
				5CDA17A72A00750400BC0139 /* User.swift in Sources */,
				5C16C5D52A1ECEEC001A2C17 /* ImageTipsView.swift in Sources */,
				5CDA179C2A00019700BC0139 /* SaveClothView.swift in Sources */,
				5CDA17AD2A0077F100BC0139 /* Cloth.swift in Sources */,
				5C09D8F12A1D8B7900F29566 /* Image.swift in Sources */,
			);
			runOnlyForDeploymentPostprocessing = 0;
		};
		5CDA174A29FFFFFC00BC0139 /* Sources */ = {
			isa = PBXSourcesBuildPhase;
			buildActionMask = 2147483647;
			files = (
				5CDA175329FFFFFC00BC0139 /* TarzoneAppTests.swift in Sources */,
			);
			runOnlyForDeploymentPostprocessing = 0;
		};
		5CDA175429FFFFFC00BC0139 /* Sources */ = {
			isa = PBXSourcesBuildPhase;
			buildActionMask = 2147483647;
			files = (
				5CDA175F29FFFFFC00BC0139 /* TarzoneAppUITestsLaunchTests.swift in Sources */,
				5CDA175D29FFFFFC00BC0139 /* TarzoneAppUITests.swift in Sources */,
			);
			runOnlyForDeploymentPostprocessing = 0;
		};
/* End PBXSourcesBuildPhase section */

/* Begin PBXTargetDependency section */
		5CDA175029FFFFFC00BC0139 /* PBXTargetDependency */ = {
			isa = PBXTargetDependency;
			target = 5CDA173829FFFFFA00BC0139 /* TarzoneApp */;
			targetProxy = 5CDA174F29FFFFFC00BC0139 /* PBXContainerItemProxy */;
		};
		5CDA175A29FFFFFC00BC0139 /* PBXTargetDependency */ = {
			isa = PBXTargetDependency;
			target = 5CDA173829FFFFFA00BC0139 /* TarzoneApp */;
			targetProxy = 5CDA175929FFFFFC00BC0139 /* PBXContainerItemProxy */;
		};
/* End PBXTargetDependency section */

/* Begin XCBuildConfiguration section */
		5CDA176029FFFFFC00BC0139 /* Debug */ = {
			isa = XCBuildConfiguration;
			buildSettings = {
				ALWAYS_SEARCH_USER_PATHS = NO;
				CLANG_ANALYZER_NONNULL = YES;
				CLANG_ANALYZER_NUMBER_OBJECT_CONVERSION = YES_AGGRESSIVE;
				CLANG_CXX_LANGUAGE_STANDARD = "gnu++20";
				CLANG_ENABLE_MODULES = YES;
				CLANG_ENABLE_OBJC_ARC = YES;
				CLANG_ENABLE_OBJC_WEAK = YES;
				CLANG_WARN_BLOCK_CAPTURE_AUTORELEASING = YES;
				CLANG_WARN_BOOL_CONVERSION = YES;
				CLANG_WARN_COMMA = YES;
				CLANG_WARN_CONSTANT_CONVERSION = YES;
				CLANG_WARN_DEPRECATED_OBJC_IMPLEMENTATIONS = YES;
				CLANG_WARN_DIRECT_OBJC_ISA_USAGE = YES_ERROR;
				CLANG_WARN_DOCUMENTATION_COMMENTS = YES;
				CLANG_WARN_EMPTY_BODY = YES;
				CLANG_WARN_ENUM_CONVERSION = YES;
				CLANG_WARN_INFINITE_RECURSION = YES;
				CLANG_WARN_INT_CONVERSION = YES;
				CLANG_WARN_NON_LITERAL_NULL_CONVERSION = YES;
				CLANG_WARN_OBJC_IMPLICIT_RETAIN_SELF = YES;
				CLANG_WARN_OBJC_LITERAL_CONVERSION = YES;
				CLANG_WARN_OBJC_ROOT_CLASS = YES_ERROR;
				CLANG_WARN_QUOTED_INCLUDE_IN_FRAMEWORK_HEADER = YES;
				CLANG_WARN_RANGE_LOOP_ANALYSIS = YES;
				CLANG_WARN_STRICT_PROTOTYPES = YES;
				CLANG_WARN_SUSPICIOUS_MOVE = YES;
				CLANG_WARN_UNGUARDED_AVAILABILITY = YES_AGGRESSIVE;
				CLANG_WARN_UNREACHABLE_CODE = YES;
				CLANG_WARN__DUPLICATE_METHOD_MATCH = YES;
				COPY_PHASE_STRIP = NO;
				DEBUG_INFORMATION_FORMAT = dwarf;
				ENABLE_STRICT_OBJC_MSGSEND = YES;
				ENABLE_TESTABILITY = YES;
				GCC_C_LANGUAGE_STANDARD = gnu11;
				GCC_DYNAMIC_NO_PIC = NO;
				GCC_NO_COMMON_BLOCKS = YES;
				GCC_OPTIMIZATION_LEVEL = 0;
				GCC_PREPROCESSOR_DEFINITIONS = (
					"DEBUG=1",
					"$(inherited)",
				);
				GCC_WARN_64_TO_32_BIT_CONVERSION = YES;
				GCC_WARN_ABOUT_RETURN_TYPE = YES_ERROR;
				GCC_WARN_UNDECLARED_SELECTOR = YES;
				GCC_WARN_UNINITIALIZED_AUTOS = YES_AGGRESSIVE;
				GCC_WARN_UNUSED_FUNCTION = YES;
				GCC_WARN_UNUSED_VARIABLE = YES;
				IPHONEOS_DEPLOYMENT_TARGET = 16.4;
				MTL_ENABLE_DEBUG_INFO = INCLUDE_SOURCE;
				MTL_FAST_MATH = YES;
				ONLY_ACTIVE_ARCH = YES;
				SDKROOT = iphoneos;
				SWIFT_ACTIVE_COMPILATION_CONDITIONS = DEBUG;
				SWIFT_OPTIMIZATION_LEVEL = "-Onone";
			};
			name = Debug;
		};
		5CDA176129FFFFFC00BC0139 /* Release */ = {
			isa = XCBuildConfiguration;
			buildSettings = {
				ALWAYS_SEARCH_USER_PATHS = NO;
				CLANG_ANALYZER_NONNULL = YES;
				CLANG_ANALYZER_NUMBER_OBJECT_CONVERSION = YES_AGGRESSIVE;
				CLANG_CXX_LANGUAGE_STANDARD = "gnu++20";
				CLANG_ENABLE_MODULES = YES;
				CLANG_ENABLE_OBJC_ARC = YES;
				CLANG_ENABLE_OBJC_WEAK = YES;
				CLANG_WARN_BLOCK_CAPTURE_AUTORELEASING = YES;
				CLANG_WARN_BOOL_CONVERSION = YES;
				CLANG_WARN_COMMA = YES;
				CLANG_WARN_CONSTANT_CONVERSION = YES;
				CLANG_WARN_DEPRECATED_OBJC_IMPLEMENTATIONS = YES;
				CLANG_WARN_DIRECT_OBJC_ISA_USAGE = YES_ERROR;
				CLANG_WARN_DOCUMENTATION_COMMENTS = YES;
				CLANG_WARN_EMPTY_BODY = YES;
				CLANG_WARN_ENUM_CONVERSION = YES;
				CLANG_WARN_INFINITE_RECURSION = YES;
				CLANG_WARN_INT_CONVERSION = YES;
				CLANG_WARN_NON_LITERAL_NULL_CONVERSION = YES;
				CLANG_WARN_OBJC_IMPLICIT_RETAIN_SELF = YES;
				CLANG_WARN_OBJC_LITERAL_CONVERSION = YES;
				CLANG_WARN_OBJC_ROOT_CLASS = YES_ERROR;
				CLANG_WARN_QUOTED_INCLUDE_IN_FRAMEWORK_HEADER = YES;
				CLANG_WARN_RANGE_LOOP_ANALYSIS = YES;
				CLANG_WARN_STRICT_PROTOTYPES = YES;
				CLANG_WARN_SUSPICIOUS_MOVE = YES;
				CLANG_WARN_UNGUARDED_AVAILABILITY = YES_AGGRESSIVE;
				CLANG_WARN_UNREACHABLE_CODE = YES;
				CLANG_WARN__DUPLICATE_METHOD_MATCH = YES;
				COPY_PHASE_STRIP = NO;
				DEBUG_INFORMATION_FORMAT = "dwarf-with-dsym";
				ENABLE_NS_ASSERTIONS = NO;
				ENABLE_STRICT_OBJC_MSGSEND = YES;
				GCC_C_LANGUAGE_STANDARD = gnu11;
				GCC_NO_COMMON_BLOCKS = YES;
				GCC_WARN_64_TO_32_BIT_CONVERSION = YES;
				GCC_WARN_ABOUT_RETURN_TYPE = YES_ERROR;
				GCC_WARN_UNDECLARED_SELECTOR = YES;
				GCC_WARN_UNINITIALIZED_AUTOS = YES_AGGRESSIVE;
				GCC_WARN_UNUSED_FUNCTION = YES;
				GCC_WARN_UNUSED_VARIABLE = YES;
				IPHONEOS_DEPLOYMENT_TARGET = 16.4;
				MTL_ENABLE_DEBUG_INFO = NO;
				MTL_FAST_MATH = YES;
				SDKROOT = iphoneos;
				SWIFT_COMPILATION_MODE = wholemodule;
				SWIFT_OPTIMIZATION_LEVEL = "-O";
				VALIDATE_PRODUCT = YES;
			};
			name = Release;
		};
		5CDA176329FFFFFC00BC0139 /* Debug */ = {
			isa = XCBuildConfiguration;
			buildSettings = {
				ASSETCATALOG_COMPILER_APPICON_NAME = AppIcon;
				ASSETCATALOG_COMPILER_GLOBAL_ACCENT_COLOR_NAME = AccentColor;
				CODE_SIGN_STYLE = Automatic;
				CURRENT_PROJECT_VERSION = 1;
				DEVELOPMENT_ASSET_PATHS = "\"TarzoneApp/Preview Content\"";
				DEVELOPMENT_TEAM = 9RVC283PBZ;
				ENABLE_PREVIEWS = YES;
				GENERATE_INFOPLIST_FILE = YES;
				INFOPLIST_FILE = TarzoneApp/Info.plist;
				INFOPLIST_KEY_UIApplicationSceneManifest_Generation = YES;
				INFOPLIST_KEY_UIApplicationSupportsIndirectInputEvents = YES;
				INFOPLIST_KEY_UISupportedInterfaceOrientations_iPad = "UIInterfaceOrientationPortrait UIInterfaceOrientationPortraitUpsideDown UIInterfaceOrientationLandscapeLeft UIInterfaceOrientationLandscapeRight";
				INFOPLIST_KEY_UISupportedInterfaceOrientations_iPhone = "UIInterfaceOrientationPortrait UIInterfaceOrientationLandscapeLeft UIInterfaceOrientationLandscapeRight";
				IPHONEOS_DEPLOYMENT_TARGET = 16.0;
				LD_RUNPATH_SEARCH_PATHS = (
					"$(inherited)",
					"@executable_path/Frameworks",
				);
				MARKETING_VERSION = 1.0;
				PRODUCT_BUNDLE_IDENTIFIER = RaSoft.TarzoneApp;
				PRODUCT_NAME = "$(TARGET_NAME)";
				SWIFT_EMIT_LOC_STRINGS = YES;
				SWIFT_VERSION = 5.0;
				TARGETED_DEVICE_FAMILY = "1,2";
			};
			name = Debug;
		};
		5CDA176429FFFFFC00BC0139 /* Release */ = {
			isa = XCBuildConfiguration;
			buildSettings = {
				ASSETCATALOG_COMPILER_APPICON_NAME = AppIcon;
				ASSETCATALOG_COMPILER_GLOBAL_ACCENT_COLOR_NAME = AccentColor;
				CODE_SIGN_STYLE = Automatic;
				CURRENT_PROJECT_VERSION = 1;
				DEVELOPMENT_ASSET_PATHS = "\"TarzoneApp/Preview Content\"";
				DEVELOPMENT_TEAM = 9RVC283PBZ;
				ENABLE_PREVIEWS = YES;
				GENERATE_INFOPLIST_FILE = YES;
				INFOPLIST_FILE = TarzoneApp/Info.plist;
				INFOPLIST_KEY_UIApplicationSceneManifest_Generation = YES;
				INFOPLIST_KEY_UIApplicationSupportsIndirectInputEvents = YES;
				INFOPLIST_KEY_UISupportedInterfaceOrientations_iPad = "UIInterfaceOrientationPortrait UIInterfaceOrientationPortraitUpsideDown UIInterfaceOrientationLandscapeLeft UIInterfaceOrientationLandscapeRight";
				INFOPLIST_KEY_UISupportedInterfaceOrientations_iPhone = "UIInterfaceOrientationPortrait UIInterfaceOrientationLandscapeLeft UIInterfaceOrientationLandscapeRight";
				IPHONEOS_DEPLOYMENT_TARGET = 16.0;
				LD_RUNPATH_SEARCH_PATHS = (
					"$(inherited)",
					"@executable_path/Frameworks",
				);
				MARKETING_VERSION = 1.0;
				PRODUCT_BUNDLE_IDENTIFIER = RaSoft.TarzoneApp;
				PRODUCT_NAME = "$(TARGET_NAME)";
				SWIFT_EMIT_LOC_STRINGS = YES;
				SWIFT_VERSION = 5.0;
				TARGETED_DEVICE_FAMILY = "1,2";
			};
			name = Release;
		};
		5CDA176629FFFFFC00BC0139 /* Debug */ = {
			isa = XCBuildConfiguration;
			buildSettings = {
				ALWAYS_EMBED_SWIFT_STANDARD_LIBRARIES = YES;
				BUNDLE_LOADER = "$(TEST_HOST)";
				CODE_SIGN_STYLE = Automatic;
				CURRENT_PROJECT_VERSION = 1;
				DEVELOPMENT_TEAM = 9RVC283PBZ;
				GENERATE_INFOPLIST_FILE = YES;
				IPHONEOS_DEPLOYMENT_TARGET = 16.4;
				MARKETING_VERSION = 1.0;
				PRODUCT_BUNDLE_IDENTIFIER = RaSoft.TarzoneAppTests;
				PRODUCT_NAME = "$(TARGET_NAME)";
				SWIFT_EMIT_LOC_STRINGS = NO;
				SWIFT_VERSION = 5.0;
				TARGETED_DEVICE_FAMILY = "1,2";
				TEST_HOST = "$(BUILT_PRODUCTS_DIR)/TarzoneApp.app/$(BUNDLE_EXECUTABLE_FOLDER_PATH)/TarzoneApp";
			};
			name = Debug;
		};
		5CDA176729FFFFFC00BC0139 /* Release */ = {
			isa = XCBuildConfiguration;
			buildSettings = {
				ALWAYS_EMBED_SWIFT_STANDARD_LIBRARIES = YES;
				BUNDLE_LOADER = "$(TEST_HOST)";
				CODE_SIGN_STYLE = Automatic;
				CURRENT_PROJECT_VERSION = 1;
				DEVELOPMENT_TEAM = 9RVC283PBZ;
				GENERATE_INFOPLIST_FILE = YES;
				IPHONEOS_DEPLOYMENT_TARGET = 16.4;
				MARKETING_VERSION = 1.0;
				PRODUCT_BUNDLE_IDENTIFIER = RaSoft.TarzoneAppTests;
				PRODUCT_NAME = "$(TARGET_NAME)";
				SWIFT_EMIT_LOC_STRINGS = NO;
				SWIFT_VERSION = 5.0;
				TARGETED_DEVICE_FAMILY = "1,2";
				TEST_HOST = "$(BUILT_PRODUCTS_DIR)/TarzoneApp.app/$(BUNDLE_EXECUTABLE_FOLDER_PATH)/TarzoneApp";
			};
			name = Release;
		};
		5CDA176929FFFFFC00BC0139 /* Debug */ = {
			isa = XCBuildConfiguration;
			buildSettings = {
				ALWAYS_EMBED_SWIFT_STANDARD_LIBRARIES = YES;
				CODE_SIGN_STYLE = Automatic;
				CURRENT_PROJECT_VERSION = 1;
				DEVELOPMENT_TEAM = 9RVC283PBZ;
				GENERATE_INFOPLIST_FILE = YES;
				MARKETING_VERSION = 1.0;
				PRODUCT_BUNDLE_IDENTIFIER = RaSoft.TarzoneAppUITests;
				PRODUCT_NAME = "$(TARGET_NAME)";
				SWIFT_EMIT_LOC_STRINGS = NO;
				SWIFT_VERSION = 5.0;
				TARGETED_DEVICE_FAMILY = "1,2";
				TEST_TARGET_NAME = TarzoneApp;
			};
			name = Debug;
		};
		5CDA176A29FFFFFC00BC0139 /* Release */ = {
			isa = XCBuildConfiguration;
			buildSettings = {
				ALWAYS_EMBED_SWIFT_STANDARD_LIBRARIES = YES;
				CODE_SIGN_STYLE = Automatic;
				CURRENT_PROJECT_VERSION = 1;
				DEVELOPMENT_TEAM = 9RVC283PBZ;
				GENERATE_INFOPLIST_FILE = YES;
				MARKETING_VERSION = 1.0;
				PRODUCT_BUNDLE_IDENTIFIER = RaSoft.TarzoneAppUITests;
				PRODUCT_NAME = "$(TARGET_NAME)";
				SWIFT_EMIT_LOC_STRINGS = NO;
				SWIFT_VERSION = 5.0;
				TARGETED_DEVICE_FAMILY = "1,2";
				TEST_TARGET_NAME = TarzoneApp;
			};
			name = Release;
		};
/* End XCBuildConfiguration section */

/* Begin XCConfigurationList section */
		5CDA173429FFFFFA00BC0139 /* Build configuration list for PBXProject "TarzoneApp" */ = {
			isa = XCConfigurationList;
			buildConfigurations = (
				5CDA176029FFFFFC00BC0139 /* Debug */,
				5CDA176129FFFFFC00BC0139 /* Release */,
			);
			defaultConfigurationIsVisible = 0;
			defaultConfigurationName = Release;
		};
		5CDA176229FFFFFC00BC0139 /* Build configuration list for PBXNativeTarget "TarzoneApp" */ = {
			isa = XCConfigurationList;
			buildConfigurations = (
				5CDA176329FFFFFC00BC0139 /* Debug */,
				5CDA176429FFFFFC00BC0139 /* Release */,
			);
			defaultConfigurationIsVisible = 0;
			defaultConfigurationName = Release;
		};
		5CDA176529FFFFFC00BC0139 /* Build configuration list for PBXNativeTarget "TarzoneAppTests" */ = {
			isa = XCConfigurationList;
			buildConfigurations = (
				5CDA176629FFFFFC00BC0139 /* Debug */,
				5CDA176729FFFFFC00BC0139 /* Release */,
			);
			defaultConfigurationIsVisible = 0;
			defaultConfigurationName = Release;
		};
		5CDA176829FFFFFC00BC0139 /* Build configuration list for PBXNativeTarget "TarzoneAppUITests" */ = {
			isa = XCConfigurationList;
			buildConfigurations = (
				5CDA176929FFFFFC00BC0139 /* Debug */,
				5CDA176A29FFFFFC00BC0139 /* Release */,
			);
			defaultConfigurationIsVisible = 0;
			defaultConfigurationName = Release;
		};
/* End XCConfigurationList section */

/* Begin XCRemoteSwiftPackageReference section */
		5C1C8D5E2A1C1FF400CAFC5C /* XCRemoteSwiftPackageReference "Kingfisher" */ = {
			isa = XCRemoteSwiftPackageReference;
			repositoryURL = "https://github.com/onevcat/Kingfisher.git";
			requirement = {
				kind = upToNextMajorVersion;
				minimumVersion = 7.0.0;
			};
		};
		5C2F21822A1D943800F15A8A /* XCRemoteSwiftPackageReference "Alamofire" */ = {
			isa = XCRemoteSwiftPackageReference;
			repositoryURL = "https://github.com/Alamofire/Alamofire.git";
			requirement = {
				kind = upToNextMajorVersion;
				minimumVersion = 5.0.0;
			};
		};
		5C66CB082A17ED6300FBAAD9 /* XCRemoteSwiftPackageReference "firebase-ios-sdk" */ = {
			isa = XCRemoteSwiftPackageReference;
			repositoryURL = "https://github.com/firebase/firebase-ios-sdk";
			requirement = {
				kind = upToNextMajorVersion;
				minimumVersion = 10.0.0;
			};
		};
/* End XCRemoteSwiftPackageReference section */

/* Begin XCSwiftPackageProductDependency section */
		5C1C8D5F2A1C1FF400CAFC5C /* Kingfisher */ = {
			isa = XCSwiftPackageProductDependency;
			package = 5C1C8D5E2A1C1FF400CAFC5C /* XCRemoteSwiftPackageReference "Kingfisher" */;
			productName = Kingfisher;
		};
		5C2F21832A1D943800F15A8A /* Alamofire */ = {
			isa = XCSwiftPackageProductDependency;
			package = 5C2F21822A1D943800F15A8A /* XCRemoteSwiftPackageReference "Alamofire" */;
			productName = Alamofire;
		};
		5C66CB092A17ED6300FBAAD9 /* FirebaseAuth */ = {
			isa = XCSwiftPackageProductDependency;
			package = 5C66CB082A17ED6300FBAAD9 /* XCRemoteSwiftPackageReference "firebase-ios-sdk" */;
			productName = FirebaseAuth;
		};
		5C66CB0B2A17ED6300FBAAD9 /* FirebaseFirestore */ = {
			isa = XCSwiftPackageProductDependency;
			package = 5C66CB082A17ED6300FBAAD9 /* XCRemoteSwiftPackageReference "firebase-ios-sdk" */;
			productName = FirebaseFirestore;
		};
		5C66CB0D2A17ED6300FBAAD9 /* FirebaseFirestoreSwift */ = {
			isa = XCSwiftPackageProductDependency;
			package = 5C66CB082A17ED6300FBAAD9 /* XCRemoteSwiftPackageReference "firebase-ios-sdk" */;
			productName = FirebaseFirestoreSwift;
		};
		5C66CB0F2A17ED6300FBAAD9 /* FirebaseStorage */ = {
			isa = XCSwiftPackageProductDependency;
			package = 5C66CB082A17ED6300FBAAD9 /* XCRemoteSwiftPackageReference "firebase-ios-sdk" */;
			productName = FirebaseStorage;
		};
/* End XCSwiftPackageProductDependency section */

/* Begin XCVersionGroup section */
		5CDA174729FFFFFC00BC0139 /* TarzoneApp.xcdatamodeld */ = {
			isa = XCVersionGroup;
			children = (
				5CDA174829FFFFFC00BC0139 /* TarzoneApp.xcdatamodel */,
			);
			currentVersion = 5CDA174829FFFFFC00BC0139 /* TarzoneApp.xcdatamodel */;
			path = TarzoneApp.xcdatamodeld;
			sourceTree = "<group>";
			versionGroupType = wrapper.xcdatamodel;
		};
/* End XCVersionGroup section */
	};
	rootObject = 5CDA173129FFFFFA00BC0139 /* Project object */;
}
